
Microsoft Visual Studio Solution File, Format Version 12.00
# Visual Studio 14
VisualStudioVersion = 14.0.25420.1
MinimumVisualStudioVersion = 10.0.40219.1
Project("{8BC9CEB8-8B4A-11D0-8D11-00A0C91BC942}") = "有效数字", "有效数字\有效数字.vcxproj", "{1F2A9332-A47B-4AA2-8FF2-5D56F994F4B5}"
EndProject
Project("{8BC9CEB8-8B4A-11D0-8D11-00A0C91BC942}") = "输入和输出", "输入和输出\输入和输出.vcxproj", "{55393B5F-81EB-433D-B69F-3E8094C69597}"
EndProject
Project("{8BC9CEB8-8B4A-11D0-8D11-00A0C91BC942}") = "结构体", "结构体\结构体.vcxproj", "{BA8050DD-3E08-475C-AF04-38B616C57465}"
EndProject
Project("{8BC9CEB8-8B4A-11D0-8D11-00A0C91BC942}") = "指针基础", "指针基础\指针基础.vcxproj", "{70B8BC2F-433F-400A-ACB0-52057C25F4E2}"
EndProject
Project("{8BC9CEB8-8B4A-11D0-8D11-00A0C91BC942}") = "循环和关系表达式", "循环和关系表达式\循环和关系表达式.vcxproj", "{7EC1F947-ACA1-450B-BCA8-CD8CE28F7D54}"
EndProject
Project("{8BC9CEB8-8B4A-11D0-8D11-00A0C91BC942}") = "函数", "函数\函数.vcxproj", "{209D8ED5-650A-4DB5-B7D9-1219D053211D}"
EndProject
Project("{8BC9CEB8-8B4A-11D0-8D11-00A0C91BC942}") = "引用参数及返回引用类型", "引用参数\引用参数.vcxproj", "{B745065B-1F9D-41A2-AEB6-B2261A603AD7}"
EndProject
Project("{8BC9CEB8-8B4A-11D0-8D11-00A0C91BC942}") = "include用法", "include用法\include用法.vcxproj", "{B3A9D011-D41F-44BA-9E58-3266C6606062}"
EndProject
Project("{8BC9CEB8-8B4A-11D0-8D11-00A0C91BC942}") = "标准CSting类的使用", "标准CSting类的使用\标准CSting类的使用.vcxproj", "{7A2574B8-4E7C-4733-9BBB-6FCDFAC72EA3}"
EndProject
Project("{8BC9CEB8-8B4A-11D0-8D11-00A0C91BC942}") = "SAL概述", "SAL概述\SAL概述.vcxproj", "{0705F7B9-66B4-4FA3-B1C5-B5FD0AB6BA81}"
EndProject
Project("{8BC9CEB8-8B4A-11D0-8D11-00A0C91BC942}") = "模板类1栈模拟", "模板类1栈模拟\模板类1栈模拟.vcxproj", "{BD9846B9-1228-43D9-8137-7859FCCE876E}"
EndProject
Project("{8BC9CEB8-8B4A-11D0-8D11-00A0C91BC942}") = "模板类2数组模拟(包含非类型参数)", "模板类2数组模拟(非类型参数)\模板类2数组模拟(非类型参数).vcxproj", "{E3DD1F51-D92E-480A-AA4F-6252A89C4635}"
EndProject
Project("{8BC9CEB8-8B4A-11D0-8D11-00A0C91BC942}") = "模板类3非模板友元函数", "模板类3非模板友元函数\模板类3非模板友元函数.vcxproj", "{E60ECEDD-B710-4077-96E7-62B2B8AF2549}"
EndProject
Project("{8BC9CEB8-8B4A-11D0-8D11-00A0C91BC942}") = "模板类5非约束模板友元函数", "模板类5非约束模板友元函数\模板类5非约束模板友元函数.vcxproj", "{CA1188E6-4B67-41D4-A0F8-BE7515D953F7}"
EndProject
Project("{8BC9CEB8-8B4A-11D0-8D11-00A0C91BC942}") = "函数模板", "函数模板\模板函数.vcxproj", "{D251D146-059A-49D6-AA51-CE1E90B0BFBB}"
EndProject
Project("{8BC9CEB8-8B4A-11D0-8D11-00A0C91BC942}") = "类继承1银行账户", "类继承1银行账户\银行账户.vcxproj", "{EFFBDC76-2141-44A5-B8C3-44CA572C39DB}"
EndProject
Project("{8BC9CEB8-8B4A-11D0-8D11-00A0C91BC942}") = "类继承2抽象基类", "类继承2抽象基类\抽象基类.vcxproj", "{C6398D26-6D77-45B7-9DA1-965239A2074E}"
EndProject
Project("{8BC9CEB8-8B4A-11D0-8D11-00A0C91BC942}") = "类继承3子类使用动态内存分配和友元", "类继承3子类使用动态内存分配和友元\子类使用动态内存分配和友元.vcxproj", "{F8E4D3F9-C599-4CC1-BCBE-B9E38EA34D24}"
EndProject
Project("{8BC9CEB8-8B4A-11D0-8D11-00A0C91BC942}") = "类继承4多重继承", "类继承4多重继承\类继承之多重继承.vcxproj", "{B4E62F65-3869-4F36-A7D6-9B590C2A954B}"
EndProject
Project("{8BC9CEB8-8B4A-11D0-8D11-00A0C91BC942}") = "模板类4约束模板友元函数", "模板类4约束模板友元函数\模板类3约束模板友元函数.vcxproj", "{6121A4E1-87D6-4AB4-8572-B370E27F36EA}"
EndProject
Project("{8BC9CEB8-8B4A-11D0-8D11-00A0C91BC942}") = "类使用1基本操作", "类使用1基本操作\对象和类经典模板.vcxproj", "{763CF248-D01E-4CA3-A1FB-E26EB180C5CF}"
EndProject
Project("{8BC9CEB8-8B4A-11D0-8D11-00A0C91BC942}") = "类使用2友元函数及运算符重载", "类使用2友元函数及运算符重载\类友元函数及运算符重载.vcxproj", "{595C4FEC-194B-4119-BC82-908FCD43D39E}"
EndProject
Project("{8BC9CEB8-8B4A-11D0-8D11-00A0C91BC942}") = "类使用3成员内存动态内存", "类使用3成员内存动态内存\类和动态内存分配.vcxproj", "{51282566-46B7-43B2-9F1C-8E0ED1200777}"
EndProject
Project("{8BC9CEB8-8B4A-11D0-8D11-00A0C91BC942}") = "类使用4队列模拟", "类使用4队列模拟\队列模拟.vcxproj", "{60B7DD25-79FB-4EB2-B6DA-B9DEFEE7C97D}"
EndProject
Project("{8BC9CEB8-8B4A-11D0-8D11-00A0C91BC942}") = "友元类1", "友元类1\友元类1.vcxproj", "{476023AB-CFA8-4DF1-B825-BB91F5AAE3BD}"
EndProject
Project("{8BC9CEB8-8B4A-11D0-8D11-00A0C91BC942}") = "类中成员的自动初始化", "类中成员的自动初始化\类中成员的自动初始化.vcxproj", "{B75BF6B9-4E1A-4942-85A3-0538B1C8A638}"
EndProject
Project("{8BC9CEB8-8B4A-11D0-8D11-00A0C91BC942}") = "异常处理1", "异常处理\异常处理.vcxproj", "{AE9A2950-0D68-4580-B98B-2345BA8A3C1B}"
EndProject
Project("{8BC9CEB8-8B4A-11D0-8D11-00A0C91BC942}") = "异常机制2（标准异常）", "异常机制2（标准异常）\异常机制2（标准异常）.vcxproj", "{DB92FED0-9BE8-4D0F-8C24-20329EE6FC6D}"
EndProject
Project("{8BC9CEB8-8B4A-11D0-8D11-00A0C91BC942}") = "RTTI的使用", "RTTI的使用\RTTI的使用.vcxproj", "{2063D844-CFEE-4FB5-B402-5D35108DD848}"
EndProject
Project("{8BC9CEB8-8B4A-11D0-8D11-00A0C91BC942}") = "string类", "string类\string类.vcxproj", "{A9A08993-34EE-4A33-9747-66E6C23B25EE}"
EndProject
Global
	GlobalSection(SolutionConfigurationPlatforms) = preSolution
		Debug|x64 = Debug|x64
		Debug|x86 = Debug|x86
		Release|x64 = Release|x64
		Release|x86 = Release|x86
	EndGlobalSection
	GlobalSection(ProjectConfigurationPlatforms) = postSolution
		{1F2A9332-A47B-4AA2-8FF2-5D56F994F4B5}.Debug|x64.ActiveCfg = Debug|x64
		{1F2A9332-A47B-4AA2-8FF2-5D56F994F4B5}.Debug|x64.Build.0 = Debug|x64
		{1F2A9332-A47B-4AA2-8FF2-5D56F994F4B5}.Debug|x86.ActiveCfg = Debug|Win32
		{1F2A9332-A47B-4AA2-8FF2-5D56F994F4B5}.Debug|x86.Build.0 = Debug|Win32
		{1F2A9332-A47B-4AA2-8FF2-5D56F994F4B5}.Release|x64.ActiveCfg = Release|x64
		{1F2A9332-A47B-4AA2-8FF2-5D56F994F4B5}.Release|x64.Build.0 = Release|x64
		{1F2A9332-A47B-4AA2-8FF2-5D56F994F4B5}.Release|x86.ActiveCfg = Release|Win32
		{1F2A9332-A47B-4AA2-8FF2-5D56F994F4B5}.Release|x86.Build.0 = Release|Win32
		{55393B5F-81EB-433D-B69F-3E8094C69597}.Debug|x64.ActiveCfg = Debug|x64
		{55393B5F-81EB-433D-B69F-3E8094C69597}.Debug|x64.Build.0 = Debug|x64
		{55393B5F-81EB-433D-B69F-3E8094C69597}.Debug|x86.ActiveCfg = Debug|Win32
		{55393B5F-81EB-433D-B69F-3E8094C69597}.Debug|x86.Build.0 = Debug|Win32
		{55393B5F-81EB-433D-B69F-3E8094C69597}.Release|x64.ActiveCfg = Release|x64
		{55393B5F-81EB-433D-B69F-3E8094C69597}.Release|x64.Build.0 = Release|x64
		{55393B5F-81EB-433D-B69F-3E8094C69597}.Release|x86.ActiveCfg = Release|Win32
		{55393B5F-81EB-433D-B69F-3E8094C69597}.Release|x86.Build.0 = Release|Win32
		{BA8050DD-3E08-475C-AF04-38B616C57465}.Debug|x64.ActiveCfg = Debug|x64
		{BA8050DD-3E08-475C-AF04-38B616C57465}.Debug|x64.Build.0 = Debug|x64
		{BA8050DD-3E08-475C-AF04-38B616C57465}.Debug|x86.ActiveCfg = Debug|Win32
		{BA8050DD-3E08-475C-AF04-38B616C57465}.Debug|x86.Build.0 = Debug|Win32
		{BA8050DD-3E08-475C-AF04-38B616C57465}.Release|x64.ActiveCfg = Release|x64
		{BA8050DD-3E08-475C-AF04-38B616C57465}.Release|x64.Build.0 = Release|x64
		{BA8050DD-3E08-475C-AF04-38B616C57465}.Release|x86.ActiveCfg = Release|Win32
		{BA8050DD-3E08-475C-AF04-38B616C57465}.Release|x86.Build.0 = Release|Win32
		{70B8BC2F-433F-400A-ACB0-52057C25F4E2}.Debug|x64.ActiveCfg = Debug|x64
		{70B8BC2F-433F-400A-ACB0-52057C25F4E2}.Debug|x64.Build.0 = Debug|x64
		{70B8BC2F-433F-400A-ACB0-52057C25F4E2}.Debug|x86.ActiveCfg = Debug|Win32
		{70B8BC2F-433F-400A-ACB0-52057C25F4E2}.Debug|x86.Build.0 = Debug|Win32
		{70B8BC2F-433F-400A-ACB0-52057C25F4E2}.Release|x64.ActiveCfg = Release|x64
		{70B8BC2F-433F-400A-ACB0-52057C25F4E2}.Release|x64.Build.0 = Release|x64
		{70B8BC2F-433F-400A-ACB0-52057C25F4E2}.Release|x86.ActiveCfg = Release|Win32
		{70B8BC2F-433F-400A-ACB0-52057C25F4E2}.Release|x86.Build.0 = Release|Win32
		{7EC1F947-ACA1-450B-BCA8-CD8CE28F7D54}.Debug|x64.ActiveCfg = Debug|x64
		{7EC1F947-ACA1-450B-BCA8-CD8CE28F7D54}.Debug|x64.Build.0 = Debug|x64
		{7EC1F947-ACA1-450B-BCA8-CD8CE28F7D54}.Debug|x86.ActiveCfg = Debug|Win32
		{7EC1F947-ACA1-450B-BCA8-CD8CE28F7D54}.Debug|x86.Build.0 = Debug|Win32
		{7EC1F947-ACA1-450B-BCA8-CD8CE28F7D54}.Release|x64.ActiveCfg = Release|x64
		{7EC1F947-ACA1-450B-BCA8-CD8CE28F7D54}.Release|x64.Build.0 = Release|x64
		{7EC1F947-ACA1-450B-BCA8-CD8CE28F7D54}.Release|x86.ActiveCfg = Release|Win32
		{7EC1F947-ACA1-450B-BCA8-CD8CE28F7D54}.Release|x86.Build.0 = Release|Win32
		{209D8ED5-650A-4DB5-B7D9-1219D053211D}.Debug|x64.ActiveCfg = Debug|x64
		{209D8ED5-650A-4DB5-B7D9-1219D053211D}.Debug|x64.Build.0 = Debug|x64
		{209D8ED5-650A-4DB5-B7D9-1219D053211D}.Debug|x86.ActiveCfg = Debug|Win32
		{209D8ED5-650A-4DB5-B7D9-1219D053211D}.Debug|x86.Build.0 = Debug|Win32
		{209D8ED5-650A-4DB5-B7D9-1219D053211D}.Release|x64.ActiveCfg = Release|x64
		{209D8ED5-650A-4DB5-B7D9-1219D053211D}.Release|x64.Build.0 = Release|x64
		{209D8ED5-650A-4DB5-B7D9-1219D053211D}.Release|x86.ActiveCfg = Release|Win32
		{209D8ED5-650A-4DB5-B7D9-1219D053211D}.Release|x86.Build.0 = Release|Win32
		{B745065B-1F9D-41A2-AEB6-B2261A603AD7}.Debug|x64.ActiveCfg = Debug|x64
		{B745065B-1F9D-41A2-AEB6-B2261A603AD7}.Debug|x64.Build.0 = Debug|x64
		{B745065B-1F9D-41A2-AEB6-B2261A603AD7}.Debug|x86.ActiveCfg = Debug|Win32
		{B745065B-1F9D-41A2-AEB6-B2261A603AD7}.Debug|x86.Build.0 = Debug|Win32
		{B745065B-1F9D-41A2-AEB6-B2261A603AD7}.Release|x64.ActiveCfg = Release|x64
		{B745065B-1F9D-41A2-AEB6-B2261A603AD7}.Release|x64.Build.0 = Release|x64
		{B745065B-1F9D-41A2-AEB6-B2261A603AD7}.Release|x86.ActiveCfg = Release|Win32
		{B745065B-1F9D-41A2-AEB6-B2261A603AD7}.Release|x86.Build.0 = Release|Win32
		{B3A9D011-D41F-44BA-9E58-3266C6606062}.Debug|x64.ActiveCfg = Debug|x64
		{B3A9D011-D41F-44BA-9E58-3266C6606062}.Debug|x64.Build.0 = Debug|x64
		{B3A9D011-D41F-44BA-9E58-3266C6606062}.Debug|x86.ActiveCfg = Debug|Win32
		{B3A9D011-D41F-44BA-9E58-3266C6606062}.Debug|x86.Build.0 = Debug|Win32
		{B3A9D011-D41F-44BA-9E58-3266C6606062}.Release|x64.ActiveCfg = Release|x64
		{B3A9D011-D41F-44BA-9E58-3266C6606062}.Release|x64.Build.0 = Release|x64
		{B3A9D011-D41F-44BA-9E58-3266C6606062}.Release|x86.ActiveCfg = Release|Win32
		{B3A9D011-D41F-44BA-9E58-3266C6606062}.Release|x86.Build.0 = Release|Win32
		{7A2574B8-4E7C-4733-9BBB-6FCDFAC72EA3}.Debug|x64.ActiveCfg = Debug|x64
		{7A2574B8-4E7C-4733-9BBB-6FCDFAC72EA3}.Debug|x64.Build.0 = Debug|x64
		{7A2574B8-4E7C-4733-9BBB-6FCDFAC72EA3}.Debug|x86.ActiveCfg = Debug|Win32
		{7A2574B8-4E7C-4733-9BBB-6FCDFAC72EA3}.Debug|x86.Build.0 = Debug|Win32
		{7A2574B8-4E7C-4733-9BBB-6FCDFAC72EA3}.Release|x64.ActiveCfg = Release|x64
		{7A2574B8-4E7C-4733-9BBB-6FCDFAC72EA3}.Release|x64.Build.0 = Release|x64
		{7A2574B8-4E7C-4733-9BBB-6FCDFAC72EA3}.Release|x86.ActiveCfg = Release|Win32
		{7A2574B8-4E7C-4733-9BBB-6FCDFAC72EA3}.Release|x86.Build.0 = Release|Win32
		{0705F7B9-66B4-4FA3-B1C5-B5FD0AB6BA81}.Debug|x64.ActiveCfg = Debug|x64
		{0705F7B9-66B4-4FA3-B1C5-B5FD0AB6BA81}.Debug|x64.Build.0 = Debug|x64
		{0705F7B9-66B4-4FA3-B1C5-B5FD0AB6BA81}.Debug|x86.ActiveCfg = Debug|Win32
		{0705F7B9-66B4-4FA3-B1C5-B5FD0AB6BA81}.Debug|x86.Build.0 = Debug|Win32
		{0705F7B9-66B4-4FA3-B1C5-B5FD0AB6BA81}.Release|x64.ActiveCfg = Release|x64
		{0705F7B9-66B4-4FA3-B1C5-B5FD0AB6BA81}.Release|x64.Build.0 = Release|x64
		{0705F7B9-66B4-4FA3-B1C5-B5FD0AB6BA81}.Release|x86.ActiveCfg = Release|Win32
		{0705F7B9-66B4-4FA3-B1C5-B5FD0AB6BA81}.Release|x86.Build.0 = Release|Win32
		{BD9846B9-1228-43D9-8137-7859FCCE876E}.Debug|x64.ActiveCfg = Debug|x64
		{BD9846B9-1228-43D9-8137-7859FCCE876E}.Debug|x64.Build.0 = Debug|x64
		{BD9846B9-1228-43D9-8137-7859FCCE876E}.Debug|x86.ActiveCfg = Debug|Win32
		{BD9846B9-1228-43D9-8137-7859FCCE876E}.Debug|x86.Build.0 = Debug|Win32
		{BD9846B9-1228-43D9-8137-7859FCCE876E}.Release|x64.ActiveCfg = Release|x64
		{BD9846B9-1228-43D9-8137-7859FCCE876E}.Release|x64.Build.0 = Release|x64
		{BD9846B9-1228-43D9-8137-7859FCCE876E}.Release|x86.ActiveCfg = Release|Win32
		{BD9846B9-1228-43D9-8137-7859FCCE876E}.Release|x86.Build.0 = Release|Win32
		{E3DD1F51-D92E-480A-AA4F-6252A89C4635}.Debug|x64.ActiveCfg = Debug|x64
		{E3DD1F51-D92E-480A-AA4F-6252A89C4635}.Debug|x64.Build.0 = Debug|x64
		{E3DD1F51-D92E-480A-AA4F-6252A89C4635}.Debug|x86.ActiveCfg = Debug|Win32
		{E3DD1F51-D92E-480A-AA4F-6252A89C4635}.Debug|x86.Build.0 = Debug|Win32
		{E3DD1F51-D92E-480A-AA4F-6252A89C4635}.Release|x64.ActiveCfg = Release|x64
		{E3DD1F51-D92E-480A-AA4F-6252A89C4635}.Release|x64.Build.0 = Release|x64
		{E3DD1F51-D92E-480A-AA4F-6252A89C4635}.Release|x86.ActiveCfg = Release|Win32
		{E3DD1F51-D92E-480A-AA4F-6252A89C4635}.Release|x86.Build.0 = Release|Win32
		{E60ECEDD-B710-4077-96E7-62B2B8AF2549}.Debug|x64.ActiveCfg = Debug|x64
		{E60ECEDD-B710-4077-96E7-62B2B8AF2549}.Debug|x64.Build.0 = Debug|x64
		{E60ECEDD-B710-4077-96E7-62B2B8AF2549}.Debug|x86.ActiveCfg = Debug|Win32
		{E60ECEDD-B710-4077-96E7-62B2B8AF2549}.Debug|x86.Build.0 = Debug|Win32
		{E60ECEDD-B710-4077-96E7-62B2B8AF2549}.Release|x64.ActiveCfg = Release|x64
		{E60ECEDD-B710-4077-96E7-62B2B8AF2549}.Release|x64.Build.0 = Release|x64
		{E60ECEDD-B710-4077-96E7-62B2B8AF2549}.Release|x86.ActiveCfg = Release|Win32
		{E60ECEDD-B710-4077-96E7-62B2B8AF2549}.Release|x86.Build.0 = Release|Win32
		{CA1188E6-4B67-41D4-A0F8-BE7515D953F7}.Debug|x64.ActiveCfg = Debug|x64
		{CA1188E6-4B67-41D4-A0F8-BE7515D953F7}.Debug|x64.Build.0 = Debug|x64
		{CA1188E6-4B67-41D4-A0F8-BE7515D953F7}.Debug|x86.ActiveCfg = Debug|Win32
		{CA1188E6-4B67-41D4-A0F8-BE7515D953F7}.Debug|x86.Build.0 = Debug|Win32
		{CA1188E6-4B67-41D4-A0F8-BE7515D953F7}.Release|x64.ActiveCfg = Release|x64
		{CA1188E6-4B67-41D4-A0F8-BE7515D953F7}.Release|x64.Build.0 = Release|x64
		{CA1188E6-4B67-41D4-A0F8-BE7515D953F7}.Release|x86.ActiveCfg = Release|Win32
		{CA1188E6-4B67-41D4-A0F8-BE7515D953F7}.Release|x86.Build.0 = Release|Win32
		{D251D146-059A-49D6-AA51-CE1E90B0BFBB}.Debug|x64.ActiveCfg = Debug|x64
		{D251D146-059A-49D6-AA51-CE1E90B0BFBB}.Debug|x64.Build.0 = Debug|x64
		{D251D146-059A-49D6-AA51-CE1E90B0BFBB}.Debug|x86.ActiveCfg = Debug|Win32
		{D251D146-059A-49D6-AA51-CE1E90B0BFBB}.Debug|x86.Build.0 = Debug|Win32
		{D251D146-059A-49D6-AA51-CE1E90B0BFBB}.Release|x64.ActiveCfg = Release|x64
		{D251D146-059A-49D6-AA51-CE1E90B0BFBB}.Release|x64.Build.0 = Release|x64
		{D251D146-059A-49D6-AA51-CE1E90B0BFBB}.Release|x86.ActiveCfg = Release|Win32
		{D251D146-059A-49D6-AA51-CE1E90B0BFBB}.Release|x86.Build.0 = Release|Win32
		{EFFBDC76-2141-44A5-B8C3-44CA572C39DB}.Debug|x64.ActiveCfg = Debug|x64
		{EFFBDC76-2141-44A5-B8C3-44CA572C39DB}.Debug|x64.Build.0 = Debug|x64
		{EFFBDC76-2141-44A5-B8C3-44CA572C39DB}.Debug|x86.ActiveCfg = Debug|Win32
		{EFFBDC76-2141-44A5-B8C3-44CA572C39DB}.Debug|x86.Build.0 = Debug|Win32
		{EFFBDC76-2141-44A5-B8C3-44CA572C39DB}.Release|x64.ActiveCfg = Release|x64
		{EFFBDC76-2141-44A5-B8C3-44CA572C39DB}.Release|x64.Build.0 = Release|x64
		{EFFBDC76-2141-44A5-B8C3-44CA572C39DB}.Release|x86.ActiveCfg = Release|Win32
		{EFFBDC76-2141-44A5-B8C3-44CA572C39DB}.Release|x86.Build.0 = Release|Win32
		{C6398D26-6D77-45B7-9DA1-965239A2074E}.Debug|x64.ActiveCfg = Debug|Win32
		{C6398D26-6D77-45B7-9DA1-965239A2074E}.Debug|x86.ActiveCfg = Debug|Win32
		{C6398D26-6D77-45B7-9DA1-965239A2074E}.Debug|x86.Build.0 = Debug|Win32
		{C6398D26-6D77-45B7-9DA1-965239A2074E}.Release|x64.ActiveCfg = Release|Win32
		{C6398D26-6D77-45B7-9DA1-965239A2074E}.Release|x86.ActiveCfg = Release|Win32
		{C6398D26-6D77-45B7-9DA1-965239A2074E}.Release|x86.Build.0 = Release|Win32
		{F8E4D3F9-C599-4CC1-BCBE-B9E38EA34D24}.Debug|x64.ActiveCfg = Debug|Win32
		{F8E4D3F9-C599-4CC1-BCBE-B9E38EA34D24}.Debug|x86.ActiveCfg = Debug|Win32
		{F8E4D3F9-C599-4CC1-BCBE-B9E38EA34D24}.Debug|x86.Build.0 = Debug|Win32
		{F8E4D3F9-C599-4CC1-BCBE-B9E38EA34D24}.Release|x64.ActiveCfg = Release|Win32
		{F8E4D3F9-C599-4CC1-BCBE-B9E38EA34D24}.Release|x86.ActiveCfg = Release|Win32
		{F8E4D3F9-C599-4CC1-BCBE-B9E38EA34D24}.Release|x86.Build.0 = Release|Win32
		{B4E62F65-3869-4F36-A7D6-9B590C2A954B}.Debug|x64.ActiveCfg = Debug|x64
		{B4E62F65-3869-4F36-A7D6-9B590C2A954B}.Debug|x64.Build.0 = Debug|x64
		{B4E62F65-3869-4F36-A7D6-9B590C2A954B}.Debug|x86.ActiveCfg = Debug|Win32
		{B4E62F65-3869-4F36-A7D6-9B590C2A954B}.Debug|x86.Build.0 = Debug|Win32
		{B4E62F65-3869-4F36-A7D6-9B590C2A954B}.Release|x64.ActiveCfg = Release|x64
		{B4E62F65-3869-4F36-A7D6-9B590C2A954B}.Release|x64.Build.0 = Release|x64
		{B4E62F65-3869-4F36-A7D6-9B590C2A954B}.Release|x86.ActiveCfg = Release|Win32
		{B4E62F65-3869-4F36-A7D6-9B590C2A954B}.Release|x86.Build.0 = Release|Win32
		{6121A4E1-87D6-4AB4-8572-B370E27F36EA}.Debug|x64.ActiveCfg = Debug|x64
		{6121A4E1-87D6-4AB4-8572-B370E27F36EA}.Debug|x64.Build.0 = Debug|x64
		{6121A4E1-87D6-4AB4-8572-B370E27F36EA}.Debug|x86.ActiveCfg = Debug|Win32
		{6121A4E1-87D6-4AB4-8572-B370E27F36EA}.Debug|x86.Build.0 = Debug|Win32
		{6121A4E1-87D6-4AB4-8572-B370E27F36EA}.Release|x64.ActiveCfg = Release|x64
		{6121A4E1-87D6-4AB4-8572-B370E27F36EA}.Release|x64.Build.0 = Release|x64
		{6121A4E1-87D6-4AB4-8572-B370E27F36EA}.Release|x86.ActiveCfg = Release|Win32
		{6121A4E1-87D6-4AB4-8572-B370E27F36EA}.Release|x86.Build.0 = Release|Win32
		{763CF248-D01E-4CA3-A1FB-E26EB180C5CF}.Debug|x64.ActiveCfg = Debug|x64
		{763CF248-D01E-4CA3-A1FB-E26EB180C5CF}.Debug|x64.Build.0 = Debug|x64
		{763CF248-D01E-4CA3-A1FB-E26EB180C5CF}.Debug|x86.ActiveCfg = Debug|Win32
		{763CF248-D01E-4CA3-A1FB-E26EB180C5CF}.Debug|x86.Build.0 = Debug|Win32
		{763CF248-D01E-4CA3-A1FB-E26EB180C5CF}.Release|x64.ActiveCfg = Release|x64
		{763CF248-D01E-4CA3-A1FB-E26EB180C5CF}.Release|x64.Build.0 = Release|x64
		{763CF248-D01E-4CA3-A1FB-E26EB180C5CF}.Release|x86.ActiveCfg = Release|Win32
		{763CF248-D01E-4CA3-A1FB-E26EB180C5CF}.Release|x86.Build.0 = Release|Win32
		{595C4FEC-194B-4119-BC82-908FCD43D39E}.Debug|x64.ActiveCfg = Debug|x64
		{595C4FEC-194B-4119-BC82-908FCD43D39E}.Debug|x64.Build.0 = Debug|x64
		{595C4FEC-194B-4119-BC82-908FCD43D39E}.Debug|x86.ActiveCfg = Debug|Win32
		{595C4FEC-194B-4119-BC82-908FCD43D39E}.Debug|x86.Build.0 = Debug|Win32
		{595C4FEC-194B-4119-BC82-908FCD43D39E}.Release|x64.ActiveCfg = Release|x64
		{595C4FEC-194B-4119-BC82-908FCD43D39E}.Release|x64.Build.0 = Release|x64
		{595C4FEC-194B-4119-BC82-908FCD43D39E}.Release|x86.ActiveCfg = Release|Win32
		{595C4FEC-194B-4119-BC82-908FCD43D39E}.Release|x86.Build.0 = Release|Win32
		{51282566-46B7-43B2-9F1C-8E0ED1200777}.Debug|x64.ActiveCfg = Debug|x64
		{51282566-46B7-43B2-9F1C-8E0ED1200777}.Debug|x64.Build.0 = Debug|x64
		{51282566-46B7-43B2-9F1C-8E0ED1200777}.Debug|x86.ActiveCfg = Debug|Win32
		{51282566-46B7-43B2-9F1C-8E0ED1200777}.Debug|x86.Build.0 = Debug|Win32
		{51282566-46B7-43B2-9F1C-8E0ED1200777}.Release|x64.ActiveCfg = Release|x64
		{51282566-46B7-43B2-9F1C-8E0ED1200777}.Release|x64.Build.0 = Release|x64
		{51282566-46B7-43B2-9F1C-8E0ED1200777}.Release|x86.ActiveCfg = Release|Win32
		{51282566-46B7-43B2-9F1C-8E0ED1200777}.Release|x86.Build.0 = Release|Win32
		{60B7DD25-79FB-4EB2-B6DA-B9DEFEE7C97D}.Debug|x64.ActiveCfg = Debug|x64
		{60B7DD25-79FB-4EB2-B6DA-B9DEFEE7C97D}.Debug|x64.Build.0 = Debug|x64
		{60B7DD25-79FB-4EB2-B6DA-B9DEFEE7C97D}.Debug|x86.ActiveCfg = Debug|Win32
		{60B7DD25-79FB-4EB2-B6DA-B9DEFEE7C97D}.Debug|x86.Build.0 = Debug|Win32
		{60B7DD25-79FB-4EB2-B6DA-B9DEFEE7C97D}.Release|x64.ActiveCfg = Release|x64
		{60B7DD25-79FB-4EB2-B6DA-B9DEFEE7C97D}.Release|x64.Build.0 = Release|x64
		{60B7DD25-79FB-4EB2-B6DA-B9DEFEE7C97D}.Release|x86.ActiveCfg = Release|Win32
		{60B7DD25-79FB-4EB2-B6DA-B9DEFEE7C97D}.Release|x86.Build.0 = Release|Win32
		{476023AB-CFA8-4DF1-B825-BB91F5AAE3BD}.Debug|x64.ActiveCfg = Debug|x64
		{476023AB-CFA8-4DF1-B825-BB91F5AAE3BD}.Debug|x64.Build.0 = Debug|x64
		{476023AB-CFA8-4DF1-B825-BB91F5AAE3BD}.Debug|x86.ActiveCfg = Debug|Win32
		{476023AB-CFA8-4DF1-B825-BB91F5AAE3BD}.Debug|x86.Build.0 = Debug|Win32
		{476023AB-CFA8-4DF1-B825-BB91F5AAE3BD}.Release|x64.ActiveCfg = Release|x64
		{476023AB-CFA8-4DF1-B825-BB91F5AAE3BD}.Release|x64.Build.0 = Release|x64
		{476023AB-CFA8-4DF1-B825-BB91F5AAE3BD}.Release|x86.ActiveCfg = Release|Win32
		{476023AB-CFA8-4DF1-B825-BB91F5AAE3BD}.Release|x86.Build.0 = Release|Win32
		{B75BF6B9-4E1A-4942-85A3-0538B1C8A638}.Debug|x64.ActiveCfg = Debug|x64
		{B75BF6B9-4E1A-4942-85A3-0538B1C8A638}.Debug|x64.Build.0 = Debug|x64
		{B75BF6B9-4E1A-4942-85A3-0538B1C8A638}.Debug|x86.ActiveCfg = Debug|Win32
		{B75BF6B9-4E1A-4942-85A3-0538B1C8A638}.Debug|x86.Build.0 = Debug|Win32
		{B75BF6B9-4E1A-4942-85A3-0538B1C8A638}.Release|x64.ActiveCfg = Release|x64
		{B75BF6B9-4E1A-4942-85A3-0538B1C8A638}.Release|x64.Build.0 = Release|x64
		{B75BF6B9-4E1A-4942-85A3-0538B1C8A638}.Release|x86.ActiveCfg = Release|Win32
		{B75BF6B9-4E1A-4942-85A3-0538B1C8A638}.Release|x86.Build.0 = Release|Win32
		{AE9A2950-0D68-4580-B98B-2345BA8A3C1B}.Debug|x64.ActiveCfg = Debug|x64
		{AE9A2950-0D68-4580-B98B-2345BA8A3C1B}.Debug|x64.Build.0 = Debug|x64
		{AE9A2950-0D68-4580-B98B-2345BA8A3C1B}.Debug|x86.ActiveCfg = Debug|Win32
		{AE9A2950-0D68-4580-B98B-2345BA8A3C1B}.Debug|x86.Build.0 = Debug|Win32
		{AE9A2950-0D68-4580-B98B-2345BA8A3C1B}.Release|x64.ActiveCfg = Release|x64
		{AE9A2950-0D68-4580-B98B-2345BA8A3C1B}.Release|x64.Build.0 = Release|x64
		{AE9A2950-0D68-4580-B98B-2345BA8A3C1B}.Release|x86.ActiveCfg = Release|Win32
		{AE9A2950-0D68-4580-B98B-2345BA8A3C1B}.Release|x86.Build.0 = Release|Win32
		{DB92FED0-9BE8-4D0F-8C24-20329EE6FC6D}.Debug|x64.ActiveCfg = Debug|x64
		{DB92FED0-9BE8-4D0F-8C24-20329EE6FC6D}.Debug|x64.Build.0 = Debug|x64
		{DB92FED0-9BE8-4D0F-8C24-20329EE6FC6D}.Debug|x86.ActiveCfg = Debug|Win32
		{DB92FED0-9BE8-4D0F-8C24-20329EE6FC6D}.Debug|x86.Build.0 = Debug|Win32
		{DB92FED0-9BE8-4D0F-8C24-20329EE6FC6D}.Release|x64.ActiveCfg = Release|x64
		{DB92FED0-9BE8-4D0F-8C24-20329EE6FC6D}.Release|x64.Build.0 = Release|x64
		{DB92FED0-9BE8-4D0F-8C24-20329EE6FC6D}.Release|x86.ActiveCfg = Release|Win32
		{DB92FED0-9BE8-4D0F-8C24-20329EE6FC6D}.Release|x86.Build.0 = Release|Win32
		{2063D844-CFEE-4FB5-B402-5D35108DD848}.Debug|x64.ActiveCfg = Debug|x64
		{2063D844-CFEE-4FB5-B402-5D35108DD848}.Debug|x64.Build.0 = Debug|x64
		{2063D844-CFEE-4FB5-B402-5D35108DD848}.Debug|x86.ActiveCfg = Debug|Win32
		{2063D844-CFEE-4FB5-B402-5D35108DD848}.Debug|x86.Build.0 = Debug|Win32
		{2063D844-CFEE-4FB5-B402-5D35108DD848}.Release|x64.ActiveCfg = Release|x64
		{2063D844-CFEE-4FB5-B402-5D35108DD848}.Release|x64.Build.0 = Release|x64
		{2063D844-CFEE-4FB5-B402-5D35108DD848}.Release|x86.ActiveCfg = Release|Win32
		{2063D844-CFEE-4FB5-B402-5D35108DD848}.Release|x86.Build.0 = Release|Win32
		{A9A08993-34EE-4A33-9747-66E6C23B25EE}.Debug|x64.ActiveCfg = Debug|x64
		{A9A08993-34EE-4A33-9747-66E6C23B25EE}.Debug|x64.Build.0 = Debug|x64
		{A9A08993-34EE-4A33-9747-66E6C23B25EE}.Debug|x86.ActiveCfg = Debug|Win32
		{A9A08993-34EE-4A33-9747-66E6C23B25EE}.Debug|x86.Build.0 = Debug|Win32
		{A9A08993-34EE-4A33-9747-66E6C23B25EE}.Release|x64.ActiveCfg = Release|x64
		{A9A08993-34EE-4A33-9747-66E6C23B25EE}.Release|x64.Build.0 = Release|x64
		{A9A08993-34EE-4A33-9747-66E6C23B25EE}.Release|x86.ActiveCfg = Release|Win32
		{A9A08993-34EE-4A33-9747-66E6C23B25EE}.Release|x86.Build.0 = Release|Win32
	EndGlobalSection
	GlobalSection(SolutionProperties) = preSolution
		HideSolutionNode = FALSE
	EndGlobalSection
EndGlobal
