
Microsoft Visual Studio Solution File, Format Version 12.00
# Visual Studio 15
VisualStudioVersion = 15.0.28307.960
MinimumVisualStudioVersion = 10.0.40219.1
Project("{8BC9CEB8-8B4A-11D0-8D11-00A0C91BC942}") = "03.1 有效数字", "03.1 有效数字\有效数字.vcxproj", "{1F2A9332-A47B-4AA2-8FF2-5D56F994F4B5}"
EndProject
Project("{8BC9CEB8-8B4A-11D0-8D11-00A0C91BC942}") = "04.1 指针基础", "04.1 指针基础\指针基础.vcxproj", "{70B8BC2F-433F-400A-ACB0-52057C25F4E2}"
EndProject
Project("{8BC9CEB8-8B4A-11D0-8D11-00A0C91BC942}") = "04.2 结构体", "04.2 结构体\结构体.vcxproj", "{BA8050DD-3E08-475C-AF04-38B616C57465}"
EndProject
Project("{8BC9CEB8-8B4A-11D0-8D11-00A0C91BC942}") = "05.1 循环和关系表达式", "05.1 循环和关系表达式\循环和关系表达式.vcxproj", "{7EC1F947-ACA1-450B-BCA8-CD8CE28F7D54}"
EndProject
Project("{8BC9CEB8-8B4A-11D0-8D11-00A0C91BC942}") = "07.1 函数", "07.1 函数\函数.vcxproj", "{209D8ED5-650A-4DB5-B7D9-1219D053211D}"
EndProject
Project("{8BC9CEB8-8B4A-11D0-8D11-00A0C91BC942}") = "08.1 函数模板", "08.1 函数模板\模板函数.vcxproj", "{D251D146-059A-49D6-AA51-CE1E90B0BFBB}"
EndProject
Project("{8BC9CEB8-8B4A-11D0-8D11-00A0C91BC942}") = "08.2 引用参数及返回引用类型", "08.2 引用参数及返回引用类型\引用参数.vcxproj", "{B745065B-1F9D-41A2-AEB6-B2261A603AD7}"
EndProject
Project("{8BC9CEB8-8B4A-11D0-8D11-00A0C91BC942}") = "11.1 类使用1基本操作", "11.1 类使用1基本操作\对象和类经典模板.vcxproj", "{763CF248-D01E-4CA3-A1FB-E26EB180C5CF}"
EndProject
Project("{8BC9CEB8-8B4A-11D0-8D11-00A0C91BC942}") = "11.2 类使用2友元函数及运算符重载", "11.2 类使用2友元函数及运算符重载\类友元函数及运算符重载.vcxproj", "{595C4FEC-194B-4119-BC82-908FCD43D39E}"
EndProject
Project("{8BC9CEB8-8B4A-11D0-8D11-00A0C91BC942}") = "12.1 类使用3成员内存动态内存", "12.1 类使用3成员内存动态内存\类和动态内存分配.vcxproj", "{51282566-46B7-43B2-9F1C-8E0ED1200777}"
EndProject
Project("{8BC9CEB8-8B4A-11D0-8D11-00A0C91BC942}") = "12.2 类使用4队列模拟", "12.2 类使用4队列模拟\队列模拟.vcxproj", "{60B7DD25-79FB-4EB2-B6DA-B9DEFEE7C97D}"
EndProject
Project("{8BC9CEB8-8B4A-11D0-8D11-00A0C91BC942}") = "13.1 类继承1银行账户", "13.1 类继承1银行账户\银行账户.vcxproj", "{EFFBDC76-2141-44A5-B8C3-44CA572C39DB}"
EndProject
Project("{8BC9CEB8-8B4A-11D0-8D11-00A0C91BC942}") = "13.3 类继承3子类使用动态内存分配和友元", "13.3 类继承3子类使用动态内存分配和友元\子类使用动态内存分配和友元.vcxproj", "{F8E4D3F9-C599-4CC1-BCBE-B9E38EA34D24}"
EndProject
Project("{8BC9CEB8-8B4A-11D0-8D11-00A0C91BC942}") = "13.2 抽象基类", "13.2 类继承2抽象基类\抽象基类.vcxproj", "{C6398D26-6D77-45B7-9DA1-965239A2074E}"
EndProject
Project("{8BC9CEB8-8B4A-11D0-8D11-00A0C91BC942}") = "14.1 模板类1栈模拟", "14.1 模板类1栈模拟\模板类1栈模拟.vcxproj", "{BD9846B9-1228-43D9-8137-7859FCCE876E}"
EndProject
Project("{8BC9CEB8-8B4A-11D0-8D11-00A0C91BC942}") = "13.4 类继承4多重继承", "13.4 类继承4多重继承\类继承之多重继承.vcxproj", "{B4E62F65-3869-4F36-A7D6-9B590C2A954B}"
EndProject
Project("{8BC9CEB8-8B4A-11D0-8D11-00A0C91BC942}") = "14.2 模板类2数组模拟(包含非类型参数)", "14.2 模板类2数组模拟(包含非类型参数)\模板类2数组模拟(非类型参数).vcxproj", "{E3DD1F51-D92E-480A-AA4F-6252A89C4635}"
EndProject
Project("{8BC9CEB8-8B4A-11D0-8D11-00A0C91BC942}") = "14.3 模板类3非模板友元函数", "14.3 模板类3非模板友元函数\模板类3非模板友元函数.vcxproj", "{E60ECEDD-B710-4077-96E7-62B2B8AF2549}"
EndProject
Project("{8BC9CEB8-8B4A-11D0-8D11-00A0C91BC942}") = "14.5 模板类5非约束模板友元函数", "14.5 模板类5非约束模板友元函数\14.5 模板类5非约束模板友元函数.vcxproj", "{6B7BA736-163C-4575-851D-1121F48DD7E4}"
EndProject
Project("{8BC9CEB8-8B4A-11D0-8D11-00A0C91BC942}") = "14.4 模板类4约束模板友元函数", "14.4 模板类4约束模板友元函数\模板类3约束模板友元函数.vcxproj", "{6121A4E1-87D6-4AB4-8572-B370E27F36EA}"
EndProject
Project("{8BC9CEB8-8B4A-11D0-8D11-00A0C91BC942}") = "15.1 异常处理1", "15.1 异常处理1\异常处理.vcxproj", "{AE9A2950-0D68-4580-B98B-2345BA8A3C1B}"
EndProject
Project("{8BC9CEB8-8B4A-11D0-8D11-00A0C91BC942}") = "15.2 异常机制2（标准异常）", "15.2 异常机制2（标准异常）\异常机制2（标准异常）.vcxproj", "{DB92FED0-9BE8-4D0F-8C24-20329EE6FC6D}"
EndProject
Project("{8BC9CEB8-8B4A-11D0-8D11-00A0C91BC942}") = "15.3 友元类1", "15.3 友元类1\友元类1.vcxproj", "{476023AB-CFA8-4DF1-B825-BB91F5AAE3BD}"
EndProject
Project("{8BC9CEB8-8B4A-11D0-8D11-00A0C91BC942}") = "16.0 string类", "16.0 string类\string类.vcxproj", "{A9A08993-34EE-4A33-9747-66E6C23B25EE}"
EndProject
Project("{8BC9CEB8-8B4A-11D0-8D11-00A0C91BC942}") = "16.1 STL1vector基本用法", "16.1 STL1vector基本用法\STL之vector.vcxproj", "{B3AC85F7-1AA1-4349-B54C-D650379C12F3}"
EndProject
Project("{8BC9CEB8-8B4A-11D0-8D11-00A0C91BC942}") = "16.2 STL2vector排序操作", "16.2 STL2vector排序操作\STL2vector排序操作.vcxproj", "{13499C18-EEC3-4B2E-8C40-1106557BEEC9}"
EndProject
Project("{8BC9CEB8-8B4A-11D0-8D11-00A0C91BC942}") = "16.3 STL3vector各种迭代器", "16.3 STL3vector各种迭代器\STL3vector反向迭代器.vcxproj", "{A6123759-2016-4C67-8702-52D32DF49AFC}"
EndProject
Project("{8BC9CEB8-8B4A-11D0-8D11-00A0C91BC942}") = "16.4 STL4list链表", "16.4 STL4list链表\STL4list链表.vcxproj", "{F2587933-B830-49D2-A183-F8999C1BF61C}"
EndProject
Project("{8BC9CEB8-8B4A-11D0-8D11-00A0C91BC942}") = "16.5 STL5关联容器set", "16.5 STL5关联容器set\STL5关联容器set.vcxproj", "{11205585-1725-47F3-BB38-B9382F02D889}"
EndProject
Project("{8BC9CEB8-8B4A-11D0-8D11-00A0C91BC942}") = "16.6 STL6关联容器multimap", "16.6 STL6关联容器multimap\STL6关联容器multimap.vcxproj", "{DF3AEEDC-089E-4690-93E6-B06ED92F0642}"
EndProject
Project("{8BC9CEB8-8B4A-11D0-8D11-00A0C91BC942}") = "16.7 STL7函数对象", "16.7 STL7函数对象\STL7函数对象.vcxproj", "{2F0BD44D-4706-4596-B7E6-28E723D8FB5A}"
EndProject
Project("{8BC9CEB8-8B4A-11D0-8D11-00A0C91BC942}") = "16.8 STL8算法", "16.8 STL8算法\STL8算法.vcxproj", "{5F0A1122-0802-4E84-A008-7D03C3BBB043}"
EndProject
Project("{8BC9CEB8-8B4A-11D0-8D11-00A0C91BC942}") = "17.1 输入输出", "17.1 输入输出\第17章 输入输出.vcxproj", "{D3AE79C6-1CDE-4108-9BB1-FE5B684BD5F9}"
EndProject
Project("{8BC9CEB8-8B4A-11D0-8D11-00A0C91BC942}") = "17.2 输入输出2（流状态）", "17.2 输入输出2（流状态）\第17章 输入输出2.vcxproj", "{831877CB-E892-43C1-905C-9D42396A83A4}"
EndProject
Project("{8BC9CEB8-8B4A-11D0-8D11-00A0C91BC942}") = "17.3 文件文件读写", "17.3 文件文件读写\第17章 文件输入输出.vcxproj", "{D98D41B6-6BE3-4495-8F4D-50A190536845}"
EndProject
Project("{8BC9CEB8-8B4A-11D0-8D11-00A0C91BC942}") = "17.4 二进制文件读写", "17.4 二进制文件读写\第17章 二进制文件和文本文件.vcxproj", "{F1FB3E5E-1395-424D-84F2-ABE0C72CCAE5}"
EndProject
Project("{8BC9CEB8-8B4A-11D0-8D11-00A0C91BC942}") = "17.5 二进制文件随机读取", "17.5 二进制文件随机读取\第17章5 二进制文件随机读取.vcxproj", "{0A1E8996-C81F-4EC5-BA59-5D6E33063F50}"
EndProject
Project("{8BC9CEB8-8B4A-11D0-8D11-00A0C91BC942}") = "C++用类声明变量就分配内存吗", "C++用类声明变量就分配内存吗\C++用类声明变量就分配内存吗.vcxproj", "{31063304-AE65-4A02-9A5D-EAA22FAA6579}"
EndProject
Project("{8BC9CEB8-8B4A-11D0-8D11-00A0C91BC942}") = "include用法", "include用法\include用法.vcxproj", "{B3A9D011-D41F-44BA-9E58-3266C6606062}"
EndProject
Project("{8BC9CEB8-8B4A-11D0-8D11-00A0C91BC942}") = "RTTI的使用", "RTTI的使用\RTTI的使用.vcxproj", "{2063D844-CFEE-4FB5-B402-5D35108DD848}"
EndProject
Project("{8BC9CEB8-8B4A-11D0-8D11-00A0C91BC942}") = "SAL概述", "SAL概述\SAL概述.vcxproj", "{0705F7B9-66B4-4FA3-B1C5-B5FD0AB6BA81}"
EndProject
Project("{8BC9CEB8-8B4A-11D0-8D11-00A0C91BC942}") = "标准CSting类的使用", "标准CSting类的使用\标准CSting类的使用.vcxproj", "{7A2574B8-4E7C-4733-9BBB-6FCDFAC72EA3}"
EndProject
Project("{8BC9CEB8-8B4A-11D0-8D11-00A0C91BC942}") = "类中成员的自动初始化", "类中成员的自动初始化\类中成员的自动初始化.vcxproj", "{B75BF6B9-4E1A-4942-85A3-0538B1C8A638}"
EndProject
Project("{8BC9CEB8-8B4A-11D0-8D11-00A0C91BC942}") = "引用变量", "引用变量\引用变量.vcxproj", "{F5D53C7F-9CDD-40E5-8C47-DC3439ABECBA}"
EndProject
Project("{8BC9CEB8-8B4A-11D0-8D11-00A0C91BC942}") = "预处理器重定义", "预处理器重定义\预处理器重定义.vcxproj", "{683A3515-E125-4078-8848-37BD62CB142C}"
EndProject
Project("{8BC9CEB8-8B4A-11D0-8D11-00A0C91BC942}") = "自动转换函数转换为引用类型", "自动转换函数转换为引用类型\自动转换函数转换为引用类型.vcxproj", "{588F1166-2BD2-408F-8076-BE2730CC7C10}"
EndProject
Project("{8BC9CEB8-8B4A-11D0-8D11-00A0C91BC942}") = "类的默认成员函数只提供声明不定义可行吗", "类的默认成员函数只提供声明不定义可行吗\类的默认成员函数只提供声明不定义可行吗.vcxproj", "{9ECC069F-4945-4396-B007-002D6C2953C6}"
EndProject
Project("{8BC9CEB8-8B4A-11D0-8D11-00A0C91BC942}") = "计算机系统知识第1章", "计算机系统知识第1章\计算机系统知识第1章.vcxproj", "{ABF31800-99AE-4BD4-BEEF-A0FAA3C39539}"
EndProject
Project("{8BC9CEB8-8B4A-11D0-8D11-00A0C91BC942}") = "杂项", "杂项\杂项.vcxproj", "{1B8D7252-78DB-4F14-814E-5A89E542E06F}"
EndProject
Project("{8BC9CEB8-8B4A-11D0-8D11-00A0C91BC942}") = "类的成员函数做参数传递", "类的成员函数做参数传递\类的成员函数做参数传递.vcxproj", "{C85046D5-B39B-4095-9698-51CA647A0CBE}"
EndProject
Project("{8BC9CEB8-8B4A-11D0-8D11-00A0C91BC942}") = "实验反汇编", "实验反汇编\实验反汇编.vcxproj", "{4E5E9641-B117-459F-BE1B-0A3D256FB8E6}"
EndProject
Project("{8BC9CEB8-8B4A-11D0-8D11-00A0C91BC942}") = "多线程应用", "多线程应用\多线程应用.vcxproj", "{7902BD62-40C7-40DD-8BA0-B4A2CAFDA914}"
EndProject
Project("{8BC9CEB8-8B4A-11D0-8D11-00A0C91BC942}") = "虚函数在基类和派生类中访问权限不同", "虚函数在基类和派生类中访问权限不同\虚函数在基类和派生类中访问权限不同.vcxproj", "{E72D0BC7-C180-4542-95C9-C487E5780D03}"
EndProject
Project("{8BC9CEB8-8B4A-11D0-8D11-00A0C91BC942}") = "日志文件如何写", "日志文件如何写\日志文件如何写.vcxproj", "{883C7AE8-6A84-4896-9FDC-54021C6F27E5}"
EndProject
Project("{8BC9CEB8-8B4A-11D0-8D11-00A0C91BC942}") = "子类对象析构时发生了什么", "子类对象析构时发生了什么\子类对象析构时发生了什么.vcxproj", "{56AAF4FD-74F2-4FD0-A195-130ABD21294D}"
EndProject
Project("{8BC9CEB8-8B4A-11D0-8D11-00A0C91BC942}") = "单例模式探究（未完成）", "单例模式探究\单例模式探究.vcxproj", "{6DA76CC5-D1F9-4AD2-B111-E1D6F42E692A}"
EndProject
Project("{8BC9CEB8-8B4A-11D0-8D11-00A0C91BC942}") = "字符的几种输入试验", "字符的几种输入试验\字符的几种输入试验.vcxproj", "{A7716AB5-5FC2-4AFB-AC6E-4DA744EEC95F}"
EndProject
Project("{8BC9CEB8-8B4A-11D0-8D11-00A0C91BC942}") = "类中const成员函数", "类中const成员函数\类中const成员函数.vcxproj", "{E97FD588-EB74-47DC-9502-EDD45975CB02}"
EndProject
Project("{8BC9CEB8-8B4A-11D0-8D11-00A0C91BC942}") = "StackOverflow", "StackOverflow\StackOverflow.vcxproj", "{0D579497-F343-4309-A4A6-2499F9287ECB}"
EndProject
Project("{8BC9CEB8-8B4A-11D0-8D11-00A0C91BC942}") = "虚函数表", "虚函数表\虚函数表.vcxproj", "{3E8777D5-E8CD-400B-BC7B-5BF6E7106EAC}"
EndProject
Project("{8BC9CEB8-8B4A-11D0-8D11-00A0C91BC942}") = "关于字符常量", "关于字符常量\关于字符常量.vcxproj", "{BF88A988-C999-43C9-9A6A-7F8B59951901}"
EndProject
Project("{8BC9CEB8-8B4A-11D0-8D11-00A0C91BC942}") = "AboutNew", "AboutNew\AboutNew.vcxproj", "{7481119B-0150-4CC1-A853-D15B7FFDEF72}"
EndProject
Global
	GlobalSection(SolutionConfigurationPlatforms) = preSolution
		Debug|x64 = Debug|x64
		Debug|x86 = Debug|x86
		Release|x64 = Release|x64
		Release|x86 = Release|x86
	EndGlobalSection
	GlobalSection(ProjectConfigurationPlatforms) = postSolution
		{1F2A9332-A47B-4AA2-8FF2-5D56F994F4B5}.Debug|x64.ActiveCfg = Debug|x64
		{1F2A9332-A47B-4AA2-8FF2-5D56F994F4B5}.Debug|x64.Build.0 = Debug|x64
		{1F2A9332-A47B-4AA2-8FF2-5D56F994F4B5}.Debug|x86.ActiveCfg = Debug|Win32
		{1F2A9332-A47B-4AA2-8FF2-5D56F994F4B5}.Debug|x86.Build.0 = Debug|Win32
		{1F2A9332-A47B-4AA2-8FF2-5D56F994F4B5}.Release|x64.ActiveCfg = Release|x64
		{1F2A9332-A47B-4AA2-8FF2-5D56F994F4B5}.Release|x64.Build.0 = Release|x64
		{1F2A9332-A47B-4AA2-8FF2-5D56F994F4B5}.Release|x86.ActiveCfg = Release|Win32
		{1F2A9332-A47B-4AA2-8FF2-5D56F994F4B5}.Release|x86.Build.0 = Release|Win32
		{70B8BC2F-433F-400A-ACB0-52057C25F4E2}.Debug|x64.ActiveCfg = Debug|x64
		{70B8BC2F-433F-400A-ACB0-52057C25F4E2}.Debug|x64.Build.0 = Debug|x64
		{70B8BC2F-433F-400A-ACB0-52057C25F4E2}.Debug|x86.ActiveCfg = Debug|Win32
		{70B8BC2F-433F-400A-ACB0-52057C25F4E2}.Debug|x86.Build.0 = Debug|Win32
		{70B8BC2F-433F-400A-ACB0-52057C25F4E2}.Release|x64.ActiveCfg = Release|x64
		{70B8BC2F-433F-400A-ACB0-52057C25F4E2}.Release|x64.Build.0 = Release|x64
		{70B8BC2F-433F-400A-ACB0-52057C25F4E2}.Release|x86.ActiveCfg = Release|Win32
		{70B8BC2F-433F-400A-ACB0-52057C25F4E2}.Release|x86.Build.0 = Release|Win32
		{BA8050DD-3E08-475C-AF04-38B616C57465}.Debug|x64.ActiveCfg = Debug|x64
		{BA8050DD-3E08-475C-AF04-38B616C57465}.Debug|x64.Build.0 = Debug|x64
		{BA8050DD-3E08-475C-AF04-38B616C57465}.Debug|x86.ActiveCfg = Debug|Win32
		{BA8050DD-3E08-475C-AF04-38B616C57465}.Debug|x86.Build.0 = Debug|Win32
		{BA8050DD-3E08-475C-AF04-38B616C57465}.Release|x64.ActiveCfg = Release|x64
		{BA8050DD-3E08-475C-AF04-38B616C57465}.Release|x64.Build.0 = Release|x64
		{BA8050DD-3E08-475C-AF04-38B616C57465}.Release|x86.ActiveCfg = Release|Win32
		{BA8050DD-3E08-475C-AF04-38B616C57465}.Release|x86.Build.0 = Release|Win32
		{7EC1F947-ACA1-450B-BCA8-CD8CE28F7D54}.Debug|x64.ActiveCfg = Debug|x64
		{7EC1F947-ACA1-450B-BCA8-CD8CE28F7D54}.Debug|x64.Build.0 = Debug|x64
		{7EC1F947-ACA1-450B-BCA8-CD8CE28F7D54}.Debug|x86.ActiveCfg = Debug|Win32
		{7EC1F947-ACA1-450B-BCA8-CD8CE28F7D54}.Debug|x86.Build.0 = Debug|Win32
		{7EC1F947-ACA1-450B-BCA8-CD8CE28F7D54}.Release|x64.ActiveCfg = Release|x64
		{7EC1F947-ACA1-450B-BCA8-CD8CE28F7D54}.Release|x64.Build.0 = Release|x64
		{7EC1F947-ACA1-450B-BCA8-CD8CE28F7D54}.Release|x86.ActiveCfg = Release|Win32
		{7EC1F947-ACA1-450B-BCA8-CD8CE28F7D54}.Release|x86.Build.0 = Release|Win32
		{209D8ED5-650A-4DB5-B7D9-1219D053211D}.Debug|x64.ActiveCfg = Debug|x64
		{209D8ED5-650A-4DB5-B7D9-1219D053211D}.Debug|x64.Build.0 = Debug|x64
		{209D8ED5-650A-4DB5-B7D9-1219D053211D}.Debug|x86.ActiveCfg = Debug|Win32
		{209D8ED5-650A-4DB5-B7D9-1219D053211D}.Debug|x86.Build.0 = Debug|Win32
		{209D8ED5-650A-4DB5-B7D9-1219D053211D}.Release|x64.ActiveCfg = Release|x64
		{209D8ED5-650A-4DB5-B7D9-1219D053211D}.Release|x64.Build.0 = Release|x64
		{209D8ED5-650A-4DB5-B7D9-1219D053211D}.Release|x86.ActiveCfg = Release|Win32
		{209D8ED5-650A-4DB5-B7D9-1219D053211D}.Release|x86.Build.0 = Release|Win32
		{D251D146-059A-49D6-AA51-CE1E90B0BFBB}.Debug|x64.ActiveCfg = Debug|x64
		{D251D146-059A-49D6-AA51-CE1E90B0BFBB}.Debug|x64.Build.0 = Debug|x64
		{D251D146-059A-49D6-AA51-CE1E90B0BFBB}.Debug|x86.ActiveCfg = Debug|Win32
		{D251D146-059A-49D6-AA51-CE1E90B0BFBB}.Debug|x86.Build.0 = Debug|Win32
		{D251D146-059A-49D6-AA51-CE1E90B0BFBB}.Release|x64.ActiveCfg = Release|x64
		{D251D146-059A-49D6-AA51-CE1E90B0BFBB}.Release|x64.Build.0 = Release|x64
		{D251D146-059A-49D6-AA51-CE1E90B0BFBB}.Release|x86.ActiveCfg = Release|Win32
		{D251D146-059A-49D6-AA51-CE1E90B0BFBB}.Release|x86.Build.0 = Release|Win32
		{B745065B-1F9D-41A2-AEB6-B2261A603AD7}.Debug|x64.ActiveCfg = Debug|x64
		{B745065B-1F9D-41A2-AEB6-B2261A603AD7}.Debug|x64.Build.0 = Debug|x64
		{B745065B-1F9D-41A2-AEB6-B2261A603AD7}.Debug|x86.ActiveCfg = Debug|Win32
		{B745065B-1F9D-41A2-AEB6-B2261A603AD7}.Debug|x86.Build.0 = Debug|Win32
		{B745065B-1F9D-41A2-AEB6-B2261A603AD7}.Release|x64.ActiveCfg = Release|x64
		{B745065B-1F9D-41A2-AEB6-B2261A603AD7}.Release|x64.Build.0 = Release|x64
		{B745065B-1F9D-41A2-AEB6-B2261A603AD7}.Release|x86.ActiveCfg = Release|Win32
		{B745065B-1F9D-41A2-AEB6-B2261A603AD7}.Release|x86.Build.0 = Release|Win32
		{763CF248-D01E-4CA3-A1FB-E26EB180C5CF}.Debug|x64.ActiveCfg = Debug|x64
		{763CF248-D01E-4CA3-A1FB-E26EB180C5CF}.Debug|x64.Build.0 = Debug|x64
		{763CF248-D01E-4CA3-A1FB-E26EB180C5CF}.Debug|x86.ActiveCfg = Debug|Win32
		{763CF248-D01E-4CA3-A1FB-E26EB180C5CF}.Debug|x86.Build.0 = Debug|Win32
		{763CF248-D01E-4CA3-A1FB-E26EB180C5CF}.Release|x64.ActiveCfg = Release|x64
		{763CF248-D01E-4CA3-A1FB-E26EB180C5CF}.Release|x64.Build.0 = Release|x64
		{763CF248-D01E-4CA3-A1FB-E26EB180C5CF}.Release|x86.ActiveCfg = Release|Win32
		{763CF248-D01E-4CA3-A1FB-E26EB180C5CF}.Release|x86.Build.0 = Release|Win32
		{595C4FEC-194B-4119-BC82-908FCD43D39E}.Debug|x64.ActiveCfg = Debug|x64
		{595C4FEC-194B-4119-BC82-908FCD43D39E}.Debug|x64.Build.0 = Debug|x64
		{595C4FEC-194B-4119-BC82-908FCD43D39E}.Debug|x86.ActiveCfg = Debug|Win32
		{595C4FEC-194B-4119-BC82-908FCD43D39E}.Debug|x86.Build.0 = Debug|Win32
		{595C4FEC-194B-4119-BC82-908FCD43D39E}.Release|x64.ActiveCfg = Release|x64
		{595C4FEC-194B-4119-BC82-908FCD43D39E}.Release|x64.Build.0 = Release|x64
		{595C4FEC-194B-4119-BC82-908FCD43D39E}.Release|x86.ActiveCfg = Release|Win32
		{595C4FEC-194B-4119-BC82-908FCD43D39E}.Release|x86.Build.0 = Release|Win32
		{51282566-46B7-43B2-9F1C-8E0ED1200777}.Debug|x64.ActiveCfg = Debug|x64
		{51282566-46B7-43B2-9F1C-8E0ED1200777}.Debug|x64.Build.0 = Debug|x64
		{51282566-46B7-43B2-9F1C-8E0ED1200777}.Debug|x86.ActiveCfg = Debug|Win32
		{51282566-46B7-43B2-9F1C-8E0ED1200777}.Debug|x86.Build.0 = Debug|Win32
		{51282566-46B7-43B2-9F1C-8E0ED1200777}.Release|x64.ActiveCfg = Release|x64
		{51282566-46B7-43B2-9F1C-8E0ED1200777}.Release|x64.Build.0 = Release|x64
		{51282566-46B7-43B2-9F1C-8E0ED1200777}.Release|x86.ActiveCfg = Release|Win32
		{51282566-46B7-43B2-9F1C-8E0ED1200777}.Release|x86.Build.0 = Release|Win32
		{60B7DD25-79FB-4EB2-B6DA-B9DEFEE7C97D}.Debug|x64.ActiveCfg = Debug|x64
		{60B7DD25-79FB-4EB2-B6DA-B9DEFEE7C97D}.Debug|x64.Build.0 = Debug|x64
		{60B7DD25-79FB-4EB2-B6DA-B9DEFEE7C97D}.Debug|x86.ActiveCfg = Debug|Win32
		{60B7DD25-79FB-4EB2-B6DA-B9DEFEE7C97D}.Debug|x86.Build.0 = Debug|Win32
		{60B7DD25-79FB-4EB2-B6DA-B9DEFEE7C97D}.Release|x64.ActiveCfg = Release|x64
		{60B7DD25-79FB-4EB2-B6DA-B9DEFEE7C97D}.Release|x64.Build.0 = Release|x64
		{60B7DD25-79FB-4EB2-B6DA-B9DEFEE7C97D}.Release|x86.ActiveCfg = Release|Win32
		{60B7DD25-79FB-4EB2-B6DA-B9DEFEE7C97D}.Release|x86.Build.0 = Release|Win32
		{EFFBDC76-2141-44A5-B8C3-44CA572C39DB}.Debug|x64.ActiveCfg = Debug|x64
		{EFFBDC76-2141-44A5-B8C3-44CA572C39DB}.Debug|x64.Build.0 = Debug|x64
		{EFFBDC76-2141-44A5-B8C3-44CA572C39DB}.Debug|x86.ActiveCfg = Debug|Win32
		{EFFBDC76-2141-44A5-B8C3-44CA572C39DB}.Debug|x86.Build.0 = Debug|Win32
		{EFFBDC76-2141-44A5-B8C3-44CA572C39DB}.Release|x64.ActiveCfg = Release|x64
		{EFFBDC76-2141-44A5-B8C3-44CA572C39DB}.Release|x64.Build.0 = Release|x64
		{EFFBDC76-2141-44A5-B8C3-44CA572C39DB}.Release|x86.ActiveCfg = Release|Win32
		{EFFBDC76-2141-44A5-B8C3-44CA572C39DB}.Release|x86.Build.0 = Release|Win32
		{F8E4D3F9-C599-4CC1-BCBE-B9E38EA34D24}.Debug|x64.ActiveCfg = Debug|Win32
		{F8E4D3F9-C599-4CC1-BCBE-B9E38EA34D24}.Debug|x86.ActiveCfg = Debug|Win32
		{F8E4D3F9-C599-4CC1-BCBE-B9E38EA34D24}.Debug|x86.Build.0 = Debug|Win32
		{F8E4D3F9-C599-4CC1-BCBE-B9E38EA34D24}.Release|x64.ActiveCfg = Release|Win32
		{F8E4D3F9-C599-4CC1-BCBE-B9E38EA34D24}.Release|x86.ActiveCfg = Release|Win32
		{F8E4D3F9-C599-4CC1-BCBE-B9E38EA34D24}.Release|x86.Build.0 = Release|Win32
		{C6398D26-6D77-45B7-9DA1-965239A2074E}.Debug|x64.ActiveCfg = Debug|Win32
		{C6398D26-6D77-45B7-9DA1-965239A2074E}.Debug|x86.ActiveCfg = Debug|Win32
		{C6398D26-6D77-45B7-9DA1-965239A2074E}.Debug|x86.Build.0 = Debug|Win32
		{C6398D26-6D77-45B7-9DA1-965239A2074E}.Release|x64.ActiveCfg = Release|Win32
		{C6398D26-6D77-45B7-9DA1-965239A2074E}.Release|x86.ActiveCfg = Release|Win32
		{C6398D26-6D77-45B7-9DA1-965239A2074E}.Release|x86.Build.0 = Release|Win32
		{BD9846B9-1228-43D9-8137-7859FCCE876E}.Debug|x64.ActiveCfg = Debug|x64
		{BD9846B9-1228-43D9-8137-7859FCCE876E}.Debug|x64.Build.0 = Debug|x64
		{BD9846B9-1228-43D9-8137-7859FCCE876E}.Debug|x86.ActiveCfg = Debug|Win32
		{BD9846B9-1228-43D9-8137-7859FCCE876E}.Debug|x86.Build.0 = Debug|Win32
		{BD9846B9-1228-43D9-8137-7859FCCE876E}.Release|x64.ActiveCfg = Release|x64
		{BD9846B9-1228-43D9-8137-7859FCCE876E}.Release|x64.Build.0 = Release|x64
		{BD9846B9-1228-43D9-8137-7859FCCE876E}.Release|x86.ActiveCfg = Release|Win32
		{BD9846B9-1228-43D9-8137-7859FCCE876E}.Release|x86.Build.0 = Release|Win32
		{B4E62F65-3869-4F36-A7D6-9B590C2A954B}.Debug|x64.ActiveCfg = Debug|x64
		{B4E62F65-3869-4F36-A7D6-9B590C2A954B}.Debug|x64.Build.0 = Debug|x64
		{B4E62F65-3869-4F36-A7D6-9B590C2A954B}.Debug|x86.ActiveCfg = Debug|Win32
		{B4E62F65-3869-4F36-A7D6-9B590C2A954B}.Debug|x86.Build.0 = Debug|Win32
		{B4E62F65-3869-4F36-A7D6-9B590C2A954B}.Release|x64.ActiveCfg = Release|x64
		{B4E62F65-3869-4F36-A7D6-9B590C2A954B}.Release|x64.Build.0 = Release|x64
		{B4E62F65-3869-4F36-A7D6-9B590C2A954B}.Release|x86.ActiveCfg = Release|Win32
		{B4E62F65-3869-4F36-A7D6-9B590C2A954B}.Release|x86.Build.0 = Release|Win32
		{E3DD1F51-D92E-480A-AA4F-6252A89C4635}.Debug|x64.ActiveCfg = Debug|x64
		{E3DD1F51-D92E-480A-AA4F-6252A89C4635}.Debug|x64.Build.0 = Debug|x64
		{E3DD1F51-D92E-480A-AA4F-6252A89C4635}.Debug|x86.ActiveCfg = Debug|Win32
		{E3DD1F51-D92E-480A-AA4F-6252A89C4635}.Debug|x86.Build.0 = Debug|Win32
		{E3DD1F51-D92E-480A-AA4F-6252A89C4635}.Release|x64.ActiveCfg = Release|x64
		{E3DD1F51-D92E-480A-AA4F-6252A89C4635}.Release|x64.Build.0 = Release|x64
		{E3DD1F51-D92E-480A-AA4F-6252A89C4635}.Release|x86.ActiveCfg = Release|Win32
		{E3DD1F51-D92E-480A-AA4F-6252A89C4635}.Release|x86.Build.0 = Release|Win32
		{E60ECEDD-B710-4077-96E7-62B2B8AF2549}.Debug|x64.ActiveCfg = Debug|x64
		{E60ECEDD-B710-4077-96E7-62B2B8AF2549}.Debug|x64.Build.0 = Debug|x64
		{E60ECEDD-B710-4077-96E7-62B2B8AF2549}.Debug|x86.ActiveCfg = Debug|Win32
		{E60ECEDD-B710-4077-96E7-62B2B8AF2549}.Debug|x86.Build.0 = Debug|Win32
		{E60ECEDD-B710-4077-96E7-62B2B8AF2549}.Release|x64.ActiveCfg = Release|x64
		{E60ECEDD-B710-4077-96E7-62B2B8AF2549}.Release|x64.Build.0 = Release|x64
		{E60ECEDD-B710-4077-96E7-62B2B8AF2549}.Release|x86.ActiveCfg = Release|Win32
		{E60ECEDD-B710-4077-96E7-62B2B8AF2549}.Release|x86.Build.0 = Release|Win32
		{6B7BA736-163C-4575-851D-1121F48DD7E4}.Debug|x64.ActiveCfg = Debug|x64
		{6B7BA736-163C-4575-851D-1121F48DD7E4}.Debug|x64.Build.0 = Debug|x64
		{6B7BA736-163C-4575-851D-1121F48DD7E4}.Debug|x86.ActiveCfg = Debug|Win32
		{6B7BA736-163C-4575-851D-1121F48DD7E4}.Debug|x86.Build.0 = Debug|Win32
		{6B7BA736-163C-4575-851D-1121F48DD7E4}.Release|x64.ActiveCfg = Release|x64
		{6B7BA736-163C-4575-851D-1121F48DD7E4}.Release|x64.Build.0 = Release|x64
		{6B7BA736-163C-4575-851D-1121F48DD7E4}.Release|x86.ActiveCfg = Release|Win32
		{6B7BA736-163C-4575-851D-1121F48DD7E4}.Release|x86.Build.0 = Release|Win32
		{6121A4E1-87D6-4AB4-8572-B370E27F36EA}.Debug|x64.ActiveCfg = Debug|x64
		{6121A4E1-87D6-4AB4-8572-B370E27F36EA}.Debug|x64.Build.0 = Debug|x64
		{6121A4E1-87D6-4AB4-8572-B370E27F36EA}.Debug|x86.ActiveCfg = Debug|Win32
		{6121A4E1-87D6-4AB4-8572-B370E27F36EA}.Debug|x86.Build.0 = Debug|Win32
		{6121A4E1-87D6-4AB4-8572-B370E27F36EA}.Release|x64.ActiveCfg = Release|x64
		{6121A4E1-87D6-4AB4-8572-B370E27F36EA}.Release|x64.Build.0 = Release|x64
		{6121A4E1-87D6-4AB4-8572-B370E27F36EA}.Release|x86.ActiveCfg = Release|Win32
		{6121A4E1-87D6-4AB4-8572-B370E27F36EA}.Release|x86.Build.0 = Release|Win32
		{AE9A2950-0D68-4580-B98B-2345BA8A3C1B}.Debug|x64.ActiveCfg = Debug|x64
		{AE9A2950-0D68-4580-B98B-2345BA8A3C1B}.Debug|x64.Build.0 = Debug|x64
		{AE9A2950-0D68-4580-B98B-2345BA8A3C1B}.Debug|x86.ActiveCfg = Debug|Win32
		{AE9A2950-0D68-4580-B98B-2345BA8A3C1B}.Debug|x86.Build.0 = Debug|Win32
		{AE9A2950-0D68-4580-B98B-2345BA8A3C1B}.Release|x64.ActiveCfg = Release|x64
		{AE9A2950-0D68-4580-B98B-2345BA8A3C1B}.Release|x64.Build.0 = Release|x64
		{AE9A2950-0D68-4580-B98B-2345BA8A3C1B}.Release|x86.ActiveCfg = Release|Win32
		{AE9A2950-0D68-4580-B98B-2345BA8A3C1B}.Release|x86.Build.0 = Release|Win32
		{DB92FED0-9BE8-4D0F-8C24-20329EE6FC6D}.Debug|x64.ActiveCfg = Debug|x64
		{DB92FED0-9BE8-4D0F-8C24-20329EE6FC6D}.Debug|x64.Build.0 = Debug|x64
		{DB92FED0-9BE8-4D0F-8C24-20329EE6FC6D}.Debug|x86.ActiveCfg = Debug|Win32
		{DB92FED0-9BE8-4D0F-8C24-20329EE6FC6D}.Debug|x86.Build.0 = Debug|Win32
		{DB92FED0-9BE8-4D0F-8C24-20329EE6FC6D}.Release|x64.ActiveCfg = Release|x64
		{DB92FED0-9BE8-4D0F-8C24-20329EE6FC6D}.Release|x64.Build.0 = Release|x64
		{DB92FED0-9BE8-4D0F-8C24-20329EE6FC6D}.Release|x86.ActiveCfg = Release|Win32
		{DB92FED0-9BE8-4D0F-8C24-20329EE6FC6D}.Release|x86.Build.0 = Release|Win32
		{476023AB-CFA8-4DF1-B825-BB91F5AAE3BD}.Debug|x64.ActiveCfg = Debug|x64
		{476023AB-CFA8-4DF1-B825-BB91F5AAE3BD}.Debug|x64.Build.0 = Debug|x64
		{476023AB-CFA8-4DF1-B825-BB91F5AAE3BD}.Debug|x86.ActiveCfg = Debug|Win32
		{476023AB-CFA8-4DF1-B825-BB91F5AAE3BD}.Debug|x86.Build.0 = Debug|Win32
		{476023AB-CFA8-4DF1-B825-BB91F5AAE3BD}.Release|x64.ActiveCfg = Release|x64
		{476023AB-CFA8-4DF1-B825-BB91F5AAE3BD}.Release|x64.Build.0 = Release|x64
		{476023AB-CFA8-4DF1-B825-BB91F5AAE3BD}.Release|x86.ActiveCfg = Release|Win32
		{476023AB-CFA8-4DF1-B825-BB91F5AAE3BD}.Release|x86.Build.0 = Release|Win32
		{A9A08993-34EE-4A33-9747-66E6C23B25EE}.Debug|x64.ActiveCfg = Debug|x64
		{A9A08993-34EE-4A33-9747-66E6C23B25EE}.Debug|x64.Build.0 = Debug|x64
		{A9A08993-34EE-4A33-9747-66E6C23B25EE}.Debug|x86.ActiveCfg = Debug|Win32
		{A9A08993-34EE-4A33-9747-66E6C23B25EE}.Debug|x86.Build.0 = Debug|Win32
		{A9A08993-34EE-4A33-9747-66E6C23B25EE}.Release|x64.ActiveCfg = Release|x64
		{A9A08993-34EE-4A33-9747-66E6C23B25EE}.Release|x64.Build.0 = Release|x64
		{A9A08993-34EE-4A33-9747-66E6C23B25EE}.Release|x86.ActiveCfg = Release|Win32
		{A9A08993-34EE-4A33-9747-66E6C23B25EE}.Release|x86.Build.0 = Release|Win32
		{B3AC85F7-1AA1-4349-B54C-D650379C12F3}.Debug|x64.ActiveCfg = Debug|x64
		{B3AC85F7-1AA1-4349-B54C-D650379C12F3}.Debug|x64.Build.0 = Debug|x64
		{B3AC85F7-1AA1-4349-B54C-D650379C12F3}.Debug|x86.ActiveCfg = Debug|Win32
		{B3AC85F7-1AA1-4349-B54C-D650379C12F3}.Debug|x86.Build.0 = Debug|Win32
		{B3AC85F7-1AA1-4349-B54C-D650379C12F3}.Release|x64.ActiveCfg = Release|x64
		{B3AC85F7-1AA1-4349-B54C-D650379C12F3}.Release|x64.Build.0 = Release|x64
		{B3AC85F7-1AA1-4349-B54C-D650379C12F3}.Release|x86.ActiveCfg = Release|Win32
		{B3AC85F7-1AA1-4349-B54C-D650379C12F3}.Release|x86.Build.0 = Release|Win32
		{13499C18-EEC3-4B2E-8C40-1106557BEEC9}.Debug|x64.ActiveCfg = Debug|x64
		{13499C18-EEC3-4B2E-8C40-1106557BEEC9}.Debug|x64.Build.0 = Debug|x64
		{13499C18-EEC3-4B2E-8C40-1106557BEEC9}.Debug|x86.ActiveCfg = Debug|Win32
		{13499C18-EEC3-4B2E-8C40-1106557BEEC9}.Debug|x86.Build.0 = Debug|Win32
		{13499C18-EEC3-4B2E-8C40-1106557BEEC9}.Release|x64.ActiveCfg = Release|x64
		{13499C18-EEC3-4B2E-8C40-1106557BEEC9}.Release|x64.Build.0 = Release|x64
		{13499C18-EEC3-4B2E-8C40-1106557BEEC9}.Release|x86.ActiveCfg = Release|Win32
		{13499C18-EEC3-4B2E-8C40-1106557BEEC9}.Release|x86.Build.0 = Release|Win32
		{A6123759-2016-4C67-8702-52D32DF49AFC}.Debug|x64.ActiveCfg = Debug|x64
		{A6123759-2016-4C67-8702-52D32DF49AFC}.Debug|x64.Build.0 = Debug|x64
		{A6123759-2016-4C67-8702-52D32DF49AFC}.Debug|x86.ActiveCfg = Debug|Win32
		{A6123759-2016-4C67-8702-52D32DF49AFC}.Debug|x86.Build.0 = Debug|Win32
		{A6123759-2016-4C67-8702-52D32DF49AFC}.Release|x64.ActiveCfg = Release|x64
		{A6123759-2016-4C67-8702-52D32DF49AFC}.Release|x64.Build.0 = Release|x64
		{A6123759-2016-4C67-8702-52D32DF49AFC}.Release|x86.ActiveCfg = Release|Win32
		{A6123759-2016-4C67-8702-52D32DF49AFC}.Release|x86.Build.0 = Release|Win32
		{F2587933-B830-49D2-A183-F8999C1BF61C}.Debug|x64.ActiveCfg = Debug|x64
		{F2587933-B830-49D2-A183-F8999C1BF61C}.Debug|x64.Build.0 = Debug|x64
		{F2587933-B830-49D2-A183-F8999C1BF61C}.Debug|x86.ActiveCfg = Debug|Win32
		{F2587933-B830-49D2-A183-F8999C1BF61C}.Debug|x86.Build.0 = Debug|Win32
		{F2587933-B830-49D2-A183-F8999C1BF61C}.Release|x64.ActiveCfg = Release|x64
		{F2587933-B830-49D2-A183-F8999C1BF61C}.Release|x64.Build.0 = Release|x64
		{F2587933-B830-49D2-A183-F8999C1BF61C}.Release|x86.ActiveCfg = Release|Win32
		{F2587933-B830-49D2-A183-F8999C1BF61C}.Release|x86.Build.0 = Release|Win32
		{11205585-1725-47F3-BB38-B9382F02D889}.Debug|x64.ActiveCfg = Debug|x64
		{11205585-1725-47F3-BB38-B9382F02D889}.Debug|x64.Build.0 = Debug|x64
		{11205585-1725-47F3-BB38-B9382F02D889}.Debug|x86.ActiveCfg = Debug|Win32
		{11205585-1725-47F3-BB38-B9382F02D889}.Debug|x86.Build.0 = Debug|Win32
		{11205585-1725-47F3-BB38-B9382F02D889}.Release|x64.ActiveCfg = Release|x64
		{11205585-1725-47F3-BB38-B9382F02D889}.Release|x64.Build.0 = Release|x64
		{11205585-1725-47F3-BB38-B9382F02D889}.Release|x86.ActiveCfg = Release|Win32
		{11205585-1725-47F3-BB38-B9382F02D889}.Release|x86.Build.0 = Release|Win32
		{DF3AEEDC-089E-4690-93E6-B06ED92F0642}.Debug|x64.ActiveCfg = Debug|x64
		{DF3AEEDC-089E-4690-93E6-B06ED92F0642}.Debug|x64.Build.0 = Debug|x64
		{DF3AEEDC-089E-4690-93E6-B06ED92F0642}.Debug|x86.ActiveCfg = Debug|Win32
		{DF3AEEDC-089E-4690-93E6-B06ED92F0642}.Debug|x86.Build.0 = Debug|Win32
		{DF3AEEDC-089E-4690-93E6-B06ED92F0642}.Release|x64.ActiveCfg = Release|x64
		{DF3AEEDC-089E-4690-93E6-B06ED92F0642}.Release|x64.Build.0 = Release|x64
		{DF3AEEDC-089E-4690-93E6-B06ED92F0642}.Release|x86.ActiveCfg = Release|Win32
		{DF3AEEDC-089E-4690-93E6-B06ED92F0642}.Release|x86.Build.0 = Release|Win32
		{2F0BD44D-4706-4596-B7E6-28E723D8FB5A}.Debug|x64.ActiveCfg = Debug|x64
		{2F0BD44D-4706-4596-B7E6-28E723D8FB5A}.Debug|x64.Build.0 = Debug|x64
		{2F0BD44D-4706-4596-B7E6-28E723D8FB5A}.Debug|x86.ActiveCfg = Debug|Win32
		{2F0BD44D-4706-4596-B7E6-28E723D8FB5A}.Debug|x86.Build.0 = Debug|Win32
		{2F0BD44D-4706-4596-B7E6-28E723D8FB5A}.Release|x64.ActiveCfg = Release|x64
		{2F0BD44D-4706-4596-B7E6-28E723D8FB5A}.Release|x64.Build.0 = Release|x64
		{2F0BD44D-4706-4596-B7E6-28E723D8FB5A}.Release|x86.ActiveCfg = Release|Win32
		{2F0BD44D-4706-4596-B7E6-28E723D8FB5A}.Release|x86.Build.0 = Release|Win32
		{5F0A1122-0802-4E84-A008-7D03C3BBB043}.Debug|x64.ActiveCfg = Debug|x64
		{5F0A1122-0802-4E84-A008-7D03C3BBB043}.Debug|x64.Build.0 = Debug|x64
		{5F0A1122-0802-4E84-A008-7D03C3BBB043}.Debug|x86.ActiveCfg = Debug|Win32
		{5F0A1122-0802-4E84-A008-7D03C3BBB043}.Debug|x86.Build.0 = Debug|Win32
		{5F0A1122-0802-4E84-A008-7D03C3BBB043}.Release|x64.ActiveCfg = Release|x64
		{5F0A1122-0802-4E84-A008-7D03C3BBB043}.Release|x64.Build.0 = Release|x64
		{5F0A1122-0802-4E84-A008-7D03C3BBB043}.Release|x86.ActiveCfg = Release|Win32
		{5F0A1122-0802-4E84-A008-7D03C3BBB043}.Release|x86.Build.0 = Release|Win32
		{D3AE79C6-1CDE-4108-9BB1-FE5B684BD5F9}.Debug|x64.ActiveCfg = Debug|x64
		{D3AE79C6-1CDE-4108-9BB1-FE5B684BD5F9}.Debug|x64.Build.0 = Debug|x64
		{D3AE79C6-1CDE-4108-9BB1-FE5B684BD5F9}.Debug|x86.ActiveCfg = Debug|Win32
		{D3AE79C6-1CDE-4108-9BB1-FE5B684BD5F9}.Debug|x86.Build.0 = Debug|Win32
		{D3AE79C6-1CDE-4108-9BB1-FE5B684BD5F9}.Release|x64.ActiveCfg = Release|x64
		{D3AE79C6-1CDE-4108-9BB1-FE5B684BD5F9}.Release|x64.Build.0 = Release|x64
		{D3AE79C6-1CDE-4108-9BB1-FE5B684BD5F9}.Release|x86.ActiveCfg = Release|Win32
		{D3AE79C6-1CDE-4108-9BB1-FE5B684BD5F9}.Release|x86.Build.0 = Release|Win32
		{831877CB-E892-43C1-905C-9D42396A83A4}.Debug|x64.ActiveCfg = Debug|x64
		{831877CB-E892-43C1-905C-9D42396A83A4}.Debug|x64.Build.0 = Debug|x64
		{831877CB-E892-43C1-905C-9D42396A83A4}.Debug|x86.ActiveCfg = Debug|Win32
		{831877CB-E892-43C1-905C-9D42396A83A4}.Debug|x86.Build.0 = Debug|Win32
		{831877CB-E892-43C1-905C-9D42396A83A4}.Release|x64.ActiveCfg = Release|x64
		{831877CB-E892-43C1-905C-9D42396A83A4}.Release|x64.Build.0 = Release|x64
		{831877CB-E892-43C1-905C-9D42396A83A4}.Release|x86.ActiveCfg = Release|Win32
		{831877CB-E892-43C1-905C-9D42396A83A4}.Release|x86.Build.0 = Release|Win32
		{D98D41B6-6BE3-4495-8F4D-50A190536845}.Debug|x64.ActiveCfg = Debug|x64
		{D98D41B6-6BE3-4495-8F4D-50A190536845}.Debug|x64.Build.0 = Debug|x64
		{D98D41B6-6BE3-4495-8F4D-50A190536845}.Debug|x86.ActiveCfg = Debug|Win32
		{D98D41B6-6BE3-4495-8F4D-50A190536845}.Debug|x86.Build.0 = Debug|Win32
		{D98D41B6-6BE3-4495-8F4D-50A190536845}.Release|x64.ActiveCfg = Release|x64
		{D98D41B6-6BE3-4495-8F4D-50A190536845}.Release|x64.Build.0 = Release|x64
		{D98D41B6-6BE3-4495-8F4D-50A190536845}.Release|x86.ActiveCfg = Release|Win32
		{D98D41B6-6BE3-4495-8F4D-50A190536845}.Release|x86.Build.0 = Release|Win32
		{F1FB3E5E-1395-424D-84F2-ABE0C72CCAE5}.Debug|x64.ActiveCfg = Debug|x64
		{F1FB3E5E-1395-424D-84F2-ABE0C72CCAE5}.Debug|x64.Build.0 = Debug|x64
		{F1FB3E5E-1395-424D-84F2-ABE0C72CCAE5}.Debug|x86.ActiveCfg = Debug|Win32
		{F1FB3E5E-1395-424D-84F2-ABE0C72CCAE5}.Debug|x86.Build.0 = Debug|Win32
		{F1FB3E5E-1395-424D-84F2-ABE0C72CCAE5}.Release|x64.ActiveCfg = Release|x64
		{F1FB3E5E-1395-424D-84F2-ABE0C72CCAE5}.Release|x64.Build.0 = Release|x64
		{F1FB3E5E-1395-424D-84F2-ABE0C72CCAE5}.Release|x86.ActiveCfg = Release|Win32
		{F1FB3E5E-1395-424D-84F2-ABE0C72CCAE5}.Release|x86.Build.0 = Release|Win32
		{0A1E8996-C81F-4EC5-BA59-5D6E33063F50}.Debug|x64.ActiveCfg = Debug|x64
		{0A1E8996-C81F-4EC5-BA59-5D6E33063F50}.Debug|x64.Build.0 = Debug|x64
		{0A1E8996-C81F-4EC5-BA59-5D6E33063F50}.Debug|x86.ActiveCfg = Debug|Win32
		{0A1E8996-C81F-4EC5-BA59-5D6E33063F50}.Debug|x86.Build.0 = Debug|Win32
		{0A1E8996-C81F-4EC5-BA59-5D6E33063F50}.Release|x64.ActiveCfg = Release|x64
		{0A1E8996-C81F-4EC5-BA59-5D6E33063F50}.Release|x64.Build.0 = Release|x64
		{0A1E8996-C81F-4EC5-BA59-5D6E33063F50}.Release|x86.ActiveCfg = Release|Win32
		{0A1E8996-C81F-4EC5-BA59-5D6E33063F50}.Release|x86.Build.0 = Release|Win32
		{31063304-AE65-4A02-9A5D-EAA22FAA6579}.Debug|x64.ActiveCfg = Debug|x64
		{31063304-AE65-4A02-9A5D-EAA22FAA6579}.Debug|x64.Build.0 = Debug|x64
		{31063304-AE65-4A02-9A5D-EAA22FAA6579}.Debug|x86.ActiveCfg = Debug|Win32
		{31063304-AE65-4A02-9A5D-EAA22FAA6579}.Debug|x86.Build.0 = Debug|Win32
		{31063304-AE65-4A02-9A5D-EAA22FAA6579}.Release|x64.ActiveCfg = Release|x64
		{31063304-AE65-4A02-9A5D-EAA22FAA6579}.Release|x64.Build.0 = Release|x64
		{31063304-AE65-4A02-9A5D-EAA22FAA6579}.Release|x86.ActiveCfg = Release|Win32
		{31063304-AE65-4A02-9A5D-EAA22FAA6579}.Release|x86.Build.0 = Release|Win32
		{B3A9D011-D41F-44BA-9E58-3266C6606062}.Debug|x64.ActiveCfg = Debug|x64
		{B3A9D011-D41F-44BA-9E58-3266C6606062}.Debug|x64.Build.0 = Debug|x64
		{B3A9D011-D41F-44BA-9E58-3266C6606062}.Debug|x86.ActiveCfg = Debug|Win32
		{B3A9D011-D41F-44BA-9E58-3266C6606062}.Debug|x86.Build.0 = Debug|Win32
		{B3A9D011-D41F-44BA-9E58-3266C6606062}.Release|x64.ActiveCfg = Release|x64
		{B3A9D011-D41F-44BA-9E58-3266C6606062}.Release|x64.Build.0 = Release|x64
		{B3A9D011-D41F-44BA-9E58-3266C6606062}.Release|x86.ActiveCfg = Release|Win32
		{B3A9D011-D41F-44BA-9E58-3266C6606062}.Release|x86.Build.0 = Release|Win32
		{2063D844-CFEE-4FB5-B402-5D35108DD848}.Debug|x64.ActiveCfg = Debug|x64
		{2063D844-CFEE-4FB5-B402-5D35108DD848}.Debug|x64.Build.0 = Debug|x64
		{2063D844-CFEE-4FB5-B402-5D35108DD848}.Debug|x86.ActiveCfg = Debug|Win32
		{2063D844-CFEE-4FB5-B402-5D35108DD848}.Debug|x86.Build.0 = Debug|Win32
		{2063D844-CFEE-4FB5-B402-5D35108DD848}.Release|x64.ActiveCfg = Release|x64
		{2063D844-CFEE-4FB5-B402-5D35108DD848}.Release|x64.Build.0 = Release|x64
		{2063D844-CFEE-4FB5-B402-5D35108DD848}.Release|x86.ActiveCfg = Release|Win32
		{2063D844-CFEE-4FB5-B402-5D35108DD848}.Release|x86.Build.0 = Release|Win32
		{0705F7B9-66B4-4FA3-B1C5-B5FD0AB6BA81}.Debug|x64.ActiveCfg = Debug|x64
		{0705F7B9-66B4-4FA3-B1C5-B5FD0AB6BA81}.Debug|x64.Build.0 = Debug|x64
		{0705F7B9-66B4-4FA3-B1C5-B5FD0AB6BA81}.Debug|x86.ActiveCfg = Debug|Win32
		{0705F7B9-66B4-4FA3-B1C5-B5FD0AB6BA81}.Debug|x86.Build.0 = Debug|Win32
		{0705F7B9-66B4-4FA3-B1C5-B5FD0AB6BA81}.Release|x64.ActiveCfg = Release|x64
		{0705F7B9-66B4-4FA3-B1C5-B5FD0AB6BA81}.Release|x64.Build.0 = Release|x64
		{0705F7B9-66B4-4FA3-B1C5-B5FD0AB6BA81}.Release|x86.ActiveCfg = Release|Win32
		{0705F7B9-66B4-4FA3-B1C5-B5FD0AB6BA81}.Release|x86.Build.0 = Release|Win32
		{7A2574B8-4E7C-4733-9BBB-6FCDFAC72EA3}.Debug|x64.ActiveCfg = Debug|x64
		{7A2574B8-4E7C-4733-9BBB-6FCDFAC72EA3}.Debug|x64.Build.0 = Debug|x64
		{7A2574B8-4E7C-4733-9BBB-6FCDFAC72EA3}.Debug|x86.ActiveCfg = Debug|Win32
		{7A2574B8-4E7C-4733-9BBB-6FCDFAC72EA3}.Debug|x86.Build.0 = Debug|Win32
		{7A2574B8-4E7C-4733-9BBB-6FCDFAC72EA3}.Release|x64.ActiveCfg = Release|x64
		{7A2574B8-4E7C-4733-9BBB-6FCDFAC72EA3}.Release|x64.Build.0 = Release|x64
		{7A2574B8-4E7C-4733-9BBB-6FCDFAC72EA3}.Release|x86.ActiveCfg = Release|Win32
		{7A2574B8-4E7C-4733-9BBB-6FCDFAC72EA3}.Release|x86.Build.0 = Release|Win32
		{B75BF6B9-4E1A-4942-85A3-0538B1C8A638}.Debug|x64.ActiveCfg = Debug|x64
		{B75BF6B9-4E1A-4942-85A3-0538B1C8A638}.Debug|x64.Build.0 = Debug|x64
		{B75BF6B9-4E1A-4942-85A3-0538B1C8A638}.Debug|x86.ActiveCfg = Debug|Win32
		{B75BF6B9-4E1A-4942-85A3-0538B1C8A638}.Debug|x86.Build.0 = Debug|Win32
		{B75BF6B9-4E1A-4942-85A3-0538B1C8A638}.Release|x64.ActiveCfg = Release|x64
		{B75BF6B9-4E1A-4942-85A3-0538B1C8A638}.Release|x64.Build.0 = Release|x64
		{B75BF6B9-4E1A-4942-85A3-0538B1C8A638}.Release|x86.ActiveCfg = Release|Win32
		{B75BF6B9-4E1A-4942-85A3-0538B1C8A638}.Release|x86.Build.0 = Release|Win32
		{F5D53C7F-9CDD-40E5-8C47-DC3439ABECBA}.Debug|x64.ActiveCfg = Debug|x64
		{F5D53C7F-9CDD-40E5-8C47-DC3439ABECBA}.Debug|x64.Build.0 = Debug|x64
		{F5D53C7F-9CDD-40E5-8C47-DC3439ABECBA}.Debug|x86.ActiveCfg = Debug|Win32
		{F5D53C7F-9CDD-40E5-8C47-DC3439ABECBA}.Debug|x86.Build.0 = Debug|Win32
		{F5D53C7F-9CDD-40E5-8C47-DC3439ABECBA}.Release|x64.ActiveCfg = Release|x64
		{F5D53C7F-9CDD-40E5-8C47-DC3439ABECBA}.Release|x64.Build.0 = Release|x64
		{F5D53C7F-9CDD-40E5-8C47-DC3439ABECBA}.Release|x86.ActiveCfg = Release|Win32
		{F5D53C7F-9CDD-40E5-8C47-DC3439ABECBA}.Release|x86.Build.0 = Release|Win32
		{683A3515-E125-4078-8848-37BD62CB142C}.Debug|x64.ActiveCfg = Debug|x64
		{683A3515-E125-4078-8848-37BD62CB142C}.Debug|x64.Build.0 = Debug|x64
		{683A3515-E125-4078-8848-37BD62CB142C}.Debug|x86.ActiveCfg = Debug|Win32
		{683A3515-E125-4078-8848-37BD62CB142C}.Debug|x86.Build.0 = Debug|Win32
		{683A3515-E125-4078-8848-37BD62CB142C}.Release|x64.ActiveCfg = Release|x64
		{683A3515-E125-4078-8848-37BD62CB142C}.Release|x64.Build.0 = Release|x64
		{683A3515-E125-4078-8848-37BD62CB142C}.Release|x86.ActiveCfg = Release|Win32
		{683A3515-E125-4078-8848-37BD62CB142C}.Release|x86.Build.0 = Release|Win32
		{588F1166-2BD2-408F-8076-BE2730CC7C10}.Debug|x64.ActiveCfg = Debug|x64
		{588F1166-2BD2-408F-8076-BE2730CC7C10}.Debug|x64.Build.0 = Debug|x64
		{588F1166-2BD2-408F-8076-BE2730CC7C10}.Debug|x86.ActiveCfg = Debug|Win32
		{588F1166-2BD2-408F-8076-BE2730CC7C10}.Debug|x86.Build.0 = Debug|Win32
		{588F1166-2BD2-408F-8076-BE2730CC7C10}.Release|x64.ActiveCfg = Release|x64
		{588F1166-2BD2-408F-8076-BE2730CC7C10}.Release|x64.Build.0 = Release|x64
		{588F1166-2BD2-408F-8076-BE2730CC7C10}.Release|x86.ActiveCfg = Release|Win32
		{588F1166-2BD2-408F-8076-BE2730CC7C10}.Release|x86.Build.0 = Release|Win32
		{9ECC069F-4945-4396-B007-002D6C2953C6}.Debug|x64.ActiveCfg = Debug|x64
		{9ECC069F-4945-4396-B007-002D6C2953C6}.Debug|x64.Build.0 = Debug|x64
		{9ECC069F-4945-4396-B007-002D6C2953C6}.Debug|x86.ActiveCfg = Debug|Win32
		{9ECC069F-4945-4396-B007-002D6C2953C6}.Debug|x86.Build.0 = Debug|Win32
		{9ECC069F-4945-4396-B007-002D6C2953C6}.Release|x64.ActiveCfg = Release|x64
		{9ECC069F-4945-4396-B007-002D6C2953C6}.Release|x64.Build.0 = Release|x64
		{9ECC069F-4945-4396-B007-002D6C2953C6}.Release|x86.ActiveCfg = Release|Win32
		{9ECC069F-4945-4396-B007-002D6C2953C6}.Release|x86.Build.0 = Release|Win32
		{ABF31800-99AE-4BD4-BEEF-A0FAA3C39539}.Debug|x64.ActiveCfg = Debug|x64
		{ABF31800-99AE-4BD4-BEEF-A0FAA3C39539}.Debug|x64.Build.0 = Debug|x64
		{ABF31800-99AE-4BD4-BEEF-A0FAA3C39539}.Debug|x86.ActiveCfg = Debug|Win32
		{ABF31800-99AE-4BD4-BEEF-A0FAA3C39539}.Debug|x86.Build.0 = Debug|Win32
		{ABF31800-99AE-4BD4-BEEF-A0FAA3C39539}.Release|x64.ActiveCfg = Release|x64
		{ABF31800-99AE-4BD4-BEEF-A0FAA3C39539}.Release|x64.Build.0 = Release|x64
		{ABF31800-99AE-4BD4-BEEF-A0FAA3C39539}.Release|x86.ActiveCfg = Release|Win32
		{ABF31800-99AE-4BD4-BEEF-A0FAA3C39539}.Release|x86.Build.0 = Release|Win32
		{1B8D7252-78DB-4F14-814E-5A89E542E06F}.Debug|x64.ActiveCfg = Debug|x64
		{1B8D7252-78DB-4F14-814E-5A89E542E06F}.Debug|x64.Build.0 = Debug|x64
		{1B8D7252-78DB-4F14-814E-5A89E542E06F}.Debug|x86.ActiveCfg = Debug|Win32
		{1B8D7252-78DB-4F14-814E-5A89E542E06F}.Debug|x86.Build.0 = Debug|Win32
		{1B8D7252-78DB-4F14-814E-5A89E542E06F}.Release|x64.ActiveCfg = Release|x64
		{1B8D7252-78DB-4F14-814E-5A89E542E06F}.Release|x64.Build.0 = Release|x64
		{1B8D7252-78DB-4F14-814E-5A89E542E06F}.Release|x86.ActiveCfg = Release|Win32
		{1B8D7252-78DB-4F14-814E-5A89E542E06F}.Release|x86.Build.0 = Release|Win32
		{C85046D5-B39B-4095-9698-51CA647A0CBE}.Debug|x64.ActiveCfg = Debug|x64
		{C85046D5-B39B-4095-9698-51CA647A0CBE}.Debug|x64.Build.0 = Debug|x64
		{C85046D5-B39B-4095-9698-51CA647A0CBE}.Debug|x86.ActiveCfg = Debug|Win32
		{C85046D5-B39B-4095-9698-51CA647A0CBE}.Debug|x86.Build.0 = Debug|Win32
		{C85046D5-B39B-4095-9698-51CA647A0CBE}.Release|x64.ActiveCfg = Release|x64
		{C85046D5-B39B-4095-9698-51CA647A0CBE}.Release|x64.Build.0 = Release|x64
		{C85046D5-B39B-4095-9698-51CA647A0CBE}.Release|x86.ActiveCfg = Release|Win32
		{C85046D5-B39B-4095-9698-51CA647A0CBE}.Release|x86.Build.0 = Release|Win32
		{4E5E9641-B117-459F-BE1B-0A3D256FB8E6}.Debug|x64.ActiveCfg = Debug|x64
		{4E5E9641-B117-459F-BE1B-0A3D256FB8E6}.Debug|x64.Build.0 = Debug|x64
		{4E5E9641-B117-459F-BE1B-0A3D256FB8E6}.Debug|x86.ActiveCfg = Debug|Win32
		{4E5E9641-B117-459F-BE1B-0A3D256FB8E6}.Debug|x86.Build.0 = Debug|Win32
		{4E5E9641-B117-459F-BE1B-0A3D256FB8E6}.Release|x64.ActiveCfg = Release|x64
		{4E5E9641-B117-459F-BE1B-0A3D256FB8E6}.Release|x64.Build.0 = Release|x64
		{4E5E9641-B117-459F-BE1B-0A3D256FB8E6}.Release|x86.ActiveCfg = Release|Win32
		{4E5E9641-B117-459F-BE1B-0A3D256FB8E6}.Release|x86.Build.0 = Release|Win32
		{7902BD62-40C7-40DD-8BA0-B4A2CAFDA914}.Debug|x64.ActiveCfg = Debug|x64
		{7902BD62-40C7-40DD-8BA0-B4A2CAFDA914}.Debug|x64.Build.0 = Debug|x64
		{7902BD62-40C7-40DD-8BA0-B4A2CAFDA914}.Debug|x86.ActiveCfg = Debug|Win32
		{7902BD62-40C7-40DD-8BA0-B4A2CAFDA914}.Debug|x86.Build.0 = Debug|Win32
		{7902BD62-40C7-40DD-8BA0-B4A2CAFDA914}.Release|x64.ActiveCfg = Release|x64
		{7902BD62-40C7-40DD-8BA0-B4A2CAFDA914}.Release|x64.Build.0 = Release|x64
		{7902BD62-40C7-40DD-8BA0-B4A2CAFDA914}.Release|x86.ActiveCfg = Release|Win32
		{7902BD62-40C7-40DD-8BA0-B4A2CAFDA914}.Release|x86.Build.0 = Release|Win32
		{E72D0BC7-C180-4542-95C9-C487E5780D03}.Debug|x64.ActiveCfg = Debug|x64
		{E72D0BC7-C180-4542-95C9-C487E5780D03}.Debug|x64.Build.0 = Debug|x64
		{E72D0BC7-C180-4542-95C9-C487E5780D03}.Debug|x86.ActiveCfg = Debug|Win32
		{E72D0BC7-C180-4542-95C9-C487E5780D03}.Debug|x86.Build.0 = Debug|Win32
		{E72D0BC7-C180-4542-95C9-C487E5780D03}.Release|x64.ActiveCfg = Release|x64
		{E72D0BC7-C180-4542-95C9-C487E5780D03}.Release|x64.Build.0 = Release|x64
		{E72D0BC7-C180-4542-95C9-C487E5780D03}.Release|x86.ActiveCfg = Release|Win32
		{E72D0BC7-C180-4542-95C9-C487E5780D03}.Release|x86.Build.0 = Release|Win32
		{883C7AE8-6A84-4896-9FDC-54021C6F27E5}.Debug|x64.ActiveCfg = Debug|x64
		{883C7AE8-6A84-4896-9FDC-54021C6F27E5}.Debug|x64.Build.0 = Debug|x64
		{883C7AE8-6A84-4896-9FDC-54021C6F27E5}.Debug|x86.ActiveCfg = Debug|Win32
		{883C7AE8-6A84-4896-9FDC-54021C6F27E5}.Debug|x86.Build.0 = Debug|Win32
		{883C7AE8-6A84-4896-9FDC-54021C6F27E5}.Release|x64.ActiveCfg = Release|x64
		{883C7AE8-6A84-4896-9FDC-54021C6F27E5}.Release|x64.Build.0 = Release|x64
		{883C7AE8-6A84-4896-9FDC-54021C6F27E5}.Release|x86.ActiveCfg = Release|Win32
		{883C7AE8-6A84-4896-9FDC-54021C6F27E5}.Release|x86.Build.0 = Release|Win32
		{56AAF4FD-74F2-4FD0-A195-130ABD21294D}.Debug|x64.ActiveCfg = Debug|x64
		{56AAF4FD-74F2-4FD0-A195-130ABD21294D}.Debug|x64.Build.0 = Debug|x64
		{56AAF4FD-74F2-4FD0-A195-130ABD21294D}.Debug|x86.ActiveCfg = Debug|Win32
		{56AAF4FD-74F2-4FD0-A195-130ABD21294D}.Debug|x86.Build.0 = Debug|Win32
		{56AAF4FD-74F2-4FD0-A195-130ABD21294D}.Release|x64.ActiveCfg = Release|x64
		{56AAF4FD-74F2-4FD0-A195-130ABD21294D}.Release|x64.Build.0 = Release|x64
		{56AAF4FD-74F2-4FD0-A195-130ABD21294D}.Release|x86.ActiveCfg = Release|Win32
		{56AAF4FD-74F2-4FD0-A195-130ABD21294D}.Release|x86.Build.0 = Release|Win32
		{6DA76CC5-D1F9-4AD2-B111-E1D6F42E692A}.Debug|x64.ActiveCfg = Debug|x64
		{6DA76CC5-D1F9-4AD2-B111-E1D6F42E692A}.Debug|x64.Build.0 = Debug|x64
		{6DA76CC5-D1F9-4AD2-B111-E1D6F42E692A}.Debug|x86.ActiveCfg = Debug|Win32
		{6DA76CC5-D1F9-4AD2-B111-E1D6F42E692A}.Debug|x86.Build.0 = Debug|Win32
		{6DA76CC5-D1F9-4AD2-B111-E1D6F42E692A}.Release|x64.ActiveCfg = Release|x64
		{6DA76CC5-D1F9-4AD2-B111-E1D6F42E692A}.Release|x64.Build.0 = Release|x64
		{6DA76CC5-D1F9-4AD2-B111-E1D6F42E692A}.Release|x86.ActiveCfg = Release|Win32
		{6DA76CC5-D1F9-4AD2-B111-E1D6F42E692A}.Release|x86.Build.0 = Release|Win32
		{A7716AB5-5FC2-4AFB-AC6E-4DA744EEC95F}.Debug|x64.ActiveCfg = Debug|x64
		{A7716AB5-5FC2-4AFB-AC6E-4DA744EEC95F}.Debug|x64.Build.0 = Debug|x64
		{A7716AB5-5FC2-4AFB-AC6E-4DA744EEC95F}.Debug|x86.ActiveCfg = Debug|Win32
		{A7716AB5-5FC2-4AFB-AC6E-4DA744EEC95F}.Debug|x86.Build.0 = Debug|Win32
		{A7716AB5-5FC2-4AFB-AC6E-4DA744EEC95F}.Release|x64.ActiveCfg = Release|x64
		{A7716AB5-5FC2-4AFB-AC6E-4DA744EEC95F}.Release|x64.Build.0 = Release|x64
		{A7716AB5-5FC2-4AFB-AC6E-4DA744EEC95F}.Release|x86.ActiveCfg = Release|Win32
		{A7716AB5-5FC2-4AFB-AC6E-4DA744EEC95F}.Release|x86.Build.0 = Release|Win32
		{E97FD588-EB74-47DC-9502-EDD45975CB02}.Debug|x64.ActiveCfg = Debug|x64
		{E97FD588-EB74-47DC-9502-EDD45975CB02}.Debug|x64.Build.0 = Debug|x64
		{E97FD588-EB74-47DC-9502-EDD45975CB02}.Debug|x86.ActiveCfg = Debug|Win32
		{E97FD588-EB74-47DC-9502-EDD45975CB02}.Debug|x86.Build.0 = Debug|Win32
		{E97FD588-EB74-47DC-9502-EDD45975CB02}.Release|x64.ActiveCfg = Release|x64
		{E97FD588-EB74-47DC-9502-EDD45975CB02}.Release|x64.Build.0 = Release|x64
		{E97FD588-EB74-47DC-9502-EDD45975CB02}.Release|x86.ActiveCfg = Release|Win32
		{E97FD588-EB74-47DC-9502-EDD45975CB02}.Release|x86.Build.0 = Release|Win32
		{0D579497-F343-4309-A4A6-2499F9287ECB}.Debug|x64.ActiveCfg = Debug|x64
		{0D579497-F343-4309-A4A6-2499F9287ECB}.Debug|x64.Build.0 = Debug|x64
		{0D579497-F343-4309-A4A6-2499F9287ECB}.Debug|x86.ActiveCfg = Debug|Win32
		{0D579497-F343-4309-A4A6-2499F9287ECB}.Debug|x86.Build.0 = Debug|Win32
		{0D579497-F343-4309-A4A6-2499F9287ECB}.Release|x64.ActiveCfg = Release|x64
		{0D579497-F343-4309-A4A6-2499F9287ECB}.Release|x64.Build.0 = Release|x64
		{0D579497-F343-4309-A4A6-2499F9287ECB}.Release|x86.ActiveCfg = Release|Win32
		{0D579497-F343-4309-A4A6-2499F9287ECB}.Release|x86.Build.0 = Release|Win32
		{3E8777D5-E8CD-400B-BC7B-5BF6E7106EAC}.Debug|x64.ActiveCfg = Debug|x64
		{3E8777D5-E8CD-400B-BC7B-5BF6E7106EAC}.Debug|x64.Build.0 = Debug|x64
		{3E8777D5-E8CD-400B-BC7B-5BF6E7106EAC}.Debug|x86.ActiveCfg = Debug|Win32
		{3E8777D5-E8CD-400B-BC7B-5BF6E7106EAC}.Debug|x86.Build.0 = Debug|Win32
		{3E8777D5-E8CD-400B-BC7B-5BF6E7106EAC}.Release|x64.ActiveCfg = Release|x64
		{3E8777D5-E8CD-400B-BC7B-5BF6E7106EAC}.Release|x64.Build.0 = Release|x64
		{3E8777D5-E8CD-400B-BC7B-5BF6E7106EAC}.Release|x86.ActiveCfg = Release|Win32
		{3E8777D5-E8CD-400B-BC7B-5BF6E7106EAC}.Release|x86.Build.0 = Release|Win32
		{BF88A988-C999-43C9-9A6A-7F8B59951901}.Debug|x64.ActiveCfg = Debug|x64
		{BF88A988-C999-43C9-9A6A-7F8B59951901}.Debug|x64.Build.0 = Debug|x64
		{BF88A988-C999-43C9-9A6A-7F8B59951901}.Debug|x86.ActiveCfg = Debug|Win32
		{BF88A988-C999-43C9-9A6A-7F8B59951901}.Debug|x86.Build.0 = Debug|Win32
		{BF88A988-C999-43C9-9A6A-7F8B59951901}.Release|x64.ActiveCfg = Release|x64
		{BF88A988-C999-43C9-9A6A-7F8B59951901}.Release|x64.Build.0 = Release|x64
		{BF88A988-C999-43C9-9A6A-7F8B59951901}.Release|x86.ActiveCfg = Release|Win32
		{BF88A988-C999-43C9-9A6A-7F8B59951901}.Release|x86.Build.0 = Release|Win32
		{7481119B-0150-4CC1-A853-D15B7FFDEF72}.Debug|x64.ActiveCfg = Debug|x64
		{7481119B-0150-4CC1-A853-D15B7FFDEF72}.Debug|x64.Build.0 = Debug|x64
		{7481119B-0150-4CC1-A853-D15B7FFDEF72}.Debug|x86.ActiveCfg = Debug|Win32
		{7481119B-0150-4CC1-A853-D15B7FFDEF72}.Debug|x86.Build.0 = Debug|Win32
		{7481119B-0150-4CC1-A853-D15B7FFDEF72}.Release|x64.ActiveCfg = Release|x64
		{7481119B-0150-4CC1-A853-D15B7FFDEF72}.Release|x64.Build.0 = Release|x64
		{7481119B-0150-4CC1-A853-D15B7FFDEF72}.Release|x86.ActiveCfg = Release|Win32
		{7481119B-0150-4CC1-A853-D15B7FFDEF72}.Release|x86.Build.0 = Release|Win32
	EndGlobalSection
	GlobalSection(SolutionProperties) = preSolution
		HideSolutionNode = FALSE
	EndGlobalSection
	GlobalSection(ExtensibilityGlobals) = postSolution
		SolutionGuid = {A6C03179-8C40-4D64-801E-FC65D27BF759}
	EndGlobalSection
EndGlobal
